// !$*UTF8*$!
{
	archiveVersion = 1;
	classes = {
	};
	objectVersion = 48;
	objects = {

/* Begin PBXBuildFile section */
		1F06C3A61F7ADB010071B421 /* ShotDetailTextCellCollectionViewCell.swift in Sources */ = {isa = PBXBuildFile; fileRef = 1F06C3A41F7ADB010071B421 /* ShotDetailTextCellCollectionViewCell.swift */; };
		1F06C3A71F7ADB010071B421 /* ShotDetailTextCellCollectionViewCell.xib in Resources */ = {isa = PBXBuildFile; fileRef = 1F06C3A51F7ADB010071B421 /* ShotDetailTextCellCollectionViewCell.xib */; };
		1F0BCF501F7FCD8400872D52 /* ProfileViewController.swift in Sources */ = {isa = PBXBuildFile; fileRef = 1F0BCF4F1F7FCD8400872D52 /* ProfileViewController.swift */; };
		1F0BCF521F7FCEF600872D52 /* ShotDetailTagsCell.swift in Sources */ = {isa = PBXBuildFile; fileRef = 1F0BCF511F7FCEF600872D52 /* ShotDetailTagsCell.swift */; };
		1F0BCF551F7FD68E00872D52 /* TextSize.swift in Sources */ = {isa = PBXBuildFile; fileRef = 1F0BCF541F7FD68E00872D52 /* TextSize.swift */; };
		1F0BCF591F7FECAB00872D52 /* Comment.swift in Sources */ = {isa = PBXBuildFile; fileRef = 1F0BCF581F7FECAB00872D52 /* Comment.swift */; };
		1F0BCF891F8035DB00872D52 /* Nuke.framework in Frameworks */ = {isa = PBXBuildFile; fileRef = 1F0BCF721F80359F00872D52 /* Nuke.framework */; };
		1F0BCF8A1F8035DB00872D52 /* Nuke.framework in Embed Frameworks */ = {isa = PBXBuildFile; fileRef = 1F0BCF721F80359F00872D52 /* Nuke.framework */; settings = {ATTRIBUTES = (CodeSignOnCopy, RemoveHeadersOnCopy, ); }; };
		1F0BCF8D1F8035DB00872D52 /* NukeGifuPlugin.framework in Frameworks */ = {isa = PBXBuildFile; fileRef = 1F0BCF881F8035C300872D52 /* NukeGifuPlugin.framework */; };
		1F0BCF8E1F8035DB00872D52 /* NukeGifuPlugin.framework in Embed Frameworks */ = {isa = PBXBuildFile; fileRef = 1F0BCF881F8035C300872D52 /* NukeGifuPlugin.framework */; settings = {ATTRIBUTES = (CodeSignOnCopy, RemoveHeadersOnCopy, ); }; };
		1F0BCF911F8035DB00872D52 /* Gifu.framework in Frameworks */ = {isa = PBXBuildFile; fileRef = 1F0BCF621F80357F00872D52 /* Gifu.framework */; };
		1F0BCF921F8035DB00872D52 /* Gifu.framework in Embed Frameworks */ = {isa = PBXBuildFile; fileRef = 1F0BCF621F80357F00872D52 /* Gifu.framework */; settings = {ATTRIBUTES = (CodeSignOnCopy, RemoveHeadersOnCopy, ); }; };
		1F1022FA1FB0F89900118DF5 /* HomeTimeframeViewController.swift in Sources */ = {isa = PBXBuildFile; fileRef = 1F1022DF1FB0F89900118DF5 /* HomeTimeframeViewController.swift */; };
		1F1022FC1FB0F91D00118DF5 /* HomeFilterCell.swift in Sources */ = {isa = PBXBuildFile; fileRef = 1F1022FB1FB0F91D00118DF5 /* HomeFilterCell.swift */; };
		1F1022FE1FB0FCC200118DF5 /* HomeListTypeViewController.swift in Sources */ = {isa = PBXBuildFile; fileRef = 1F1022FD1FB0FCC200118DF5 /* HomeListTypeViewController.swift */; };
		1F161B2B1F7715DE003631C2 /* HomeViewController.swift in Sources */ = {isa = PBXBuildFile; fileRef = 1F161B2A1F7715DE003631C2 /* HomeViewController.swift */; };
		1F161B2F1F77186F003631C2 /* HomeShotListCell.swift in Sources */ = {isa = PBXBuildFile; fileRef = 1F161B2E1F77186F003631C2 /* HomeShotListCell.swift */; };
		1F161B311F772E15003631C2 /* HomeShotListCellDetailsContainerView.xib in Resources */ = {isa = PBXBuildFile; fileRef = 1F161B301F772E15003631C2 /* HomeShotListCellDetailsContainerView.xib */; };
		1F161B331F773422003631C2 /* HomeShotListCellDetailsContainerView.swift in Sources */ = {isa = PBXBuildFile; fileRef = 1F161B321F773422003631C2 /* HomeShotListCellDetailsContainerView.swift */; };
		1F161B361F773587003631C2 /* Nibloadable.swift in Sources */ = {isa = PBXBuildFile; fileRef = 1F161B351F773587003631C2 /* Nibloadable.swift */; };
		1F2843761F7696000083E6AD /* UICollectionViewCell.swift in Sources */ = {isa = PBXBuildFile; fileRef = 1F2843751F7696000083E6AD /* UICollectionViewCell.swift */; };
		1F46EED31F80DFA9003F22C5 /* ShotDetailCommentCell.swift in Sources */ = {isa = PBXBuildFile; fileRef = 1F46EED11F80DFA9003F22C5 /* ShotDetailCommentCell.swift */; };
		1F46EED41F80DFA9003F22C5 /* ShotDetailCommentCell.xib in Resources */ = {isa = PBXBuildFile; fileRef = 1F46EED21F80DFA9003F22C5 /* ShotDetailCommentCell.xib */; };
		1F46EED61F813766003F22C5 /* NSAttributedString.swift in Sources */ = {isa = PBXBuildFile; fileRef = 1F46EED51F813766003F22C5 /* NSAttributedString.swift */; };
		1F46EEE01F819DEB003F22C5 /* SnapKit.framework in Frameworks */ = {isa = PBXBuildFile; fileRef = 1F46EEDD1F819D8D003F22C5 /* SnapKit.framework */; };
		1F46EEE11F819DEB003F22C5 /* SnapKit.framework in Embed Frameworks */ = {isa = PBXBuildFile; fileRef = 1F46EEDD1F819D8D003F22C5 /* SnapKit.framework */; settings = {ATTRIBUTES = (CodeSignOnCopy, RemoveHeadersOnCopy, ); }; };
		1F54721E1F82EA1C00207949 /* Constants.swift in Sources */ = {isa = PBXBuildFile; fileRef = 1FFFD4A61F82E83700E1975F /* Constants.swift */; };
		1F54721F1F82EA1C00207949 /* Date+Format.swift in Sources */ = {isa = PBXBuildFile; fileRef = 1FFFD4A71F82E83700E1975F /* Date+Format.swift */; };
		1F5472201F82EA1C00207949 /* Date+Manipulations.swift in Sources */ = {isa = PBXBuildFile; fileRef = 1FFFD4A81F82E83700E1975F /* Date+Manipulations.swift */; };
		1F5472211F82EA1C00207949 /* TimePeriod.swift in Sources */ = {isa = PBXBuildFile; fileRef = 1FFFD4A91F82E83700E1975F /* TimePeriod.swift */; };
		1F5472221F82EA1C00207949 /* Date+Components.swift in Sources */ = {isa = PBXBuildFile; fileRef = 1FFFD4AA1F82E83700E1975F /* Date+Components.swift */; };
		1F5472231F82EA1C00207949 /* TimePeriodGroup.swift in Sources */ = {isa = PBXBuildFile; fileRef = 1FFFD4AB1F82E83700E1975F /* TimePeriodGroup.swift */; };
		1F5472241F82EA1C00207949 /* Enums.swift in Sources */ = {isa = PBXBuildFile; fileRef = 1FFFD4AC1F82E83700E1975F /* Enums.swift */; };
		1F5472251F82EA1C00207949 /* TimeChunk.swift in Sources */ = {isa = PBXBuildFile; fileRef = 1FFFD4AD1F82E83700E1975F /* TimeChunk.swift */; };
		1F5472261F82EA1C00207949 /* TimePeriodChain.swift in Sources */ = {isa = PBXBuildFile; fileRef = 1FFFD4AE1F82E83700E1975F /* TimePeriodChain.swift */; };
		1F5472271F82EA1C00207949 /* Date+Comparators.swift in Sources */ = {isa = PBXBuildFile; fileRef = 1FFFD4AF1F82E83700E1975F /* Date+Comparators.swift */; };
		1F5472281F82EA1C00207949 /* Date+Inits.swift in Sources */ = {isa = PBXBuildFile; fileRef = 1FFFD4B01F82E83700E1975F /* Date+Inits.swift */; };
		1F5472291F82EA1C00207949 /* Date+TimeAgo.swift in Sources */ = {isa = PBXBuildFile; fileRef = 1FFFD4B11F82E83700E1975F /* Date+TimeAgo.swift */; };
		1F54722A1F82EA1C00207949 /* Integer+DateTools.swift in Sources */ = {isa = PBXBuildFile; fileRef = 1FFFD4B21F82E83700E1975F /* Integer+DateTools.swift */; };
		1F54722B1F82EA1C00207949 /* Date+Bundle.swift in Sources */ = {isa = PBXBuildFile; fileRef = 1FFFD4B31F82E83700E1975F /* Date+Bundle.swift */; };
		1F54722C1F82EA1C00207949 /* TimePeriodCollection.swift in Sources */ = {isa = PBXBuildFile; fileRef = 1FFFD4B41F82E83700E1975F /* TimePeriodCollection.swift */; };
		1F54723C1F82EA2000207949 /* DateTools.bundle in Resources */ = {isa = PBXBuildFile; fileRef = 1FFFD4A51F82E83700E1975F /* DateTools.bundle */; };
		1F7FA6281F8043E8003FFBB6 /* Preheat.framework in Frameworks */ = {isa = PBXBuildFile; fileRef = 1F7FA6251F8043D0003FFBB6 /* Preheat.framework */; };
		1F7FA6291F8043E8003FFBB6 /* Preheat.framework in Embed Frameworks */ = {isa = PBXBuildFile; fileRef = 1F7FA6251F8043D0003FFBB6 /* Preheat.framework */; settings = {ATTRIBUTES = (CodeSignOnCopy, RemoveHeadersOnCopy, ); }; };
		1F7FA62D1F80480E003FFBB6 /* HTTPLogger.swift in Sources */ = {isa = PBXBuildFile; fileRef = 1F7FA62C1F80480E003FFBB6 /* HTTPLogger.swift */; };
		1F7FA6401F805A37003FFBB6 /* SwiftRichString.framework in Frameworks */ = {isa = PBXBuildFile; fileRef = 1F7FA6371F805A2A003FFBB6 /* SwiftRichString.framework */; };
		1F7FA6411F805A37003FFBB6 /* SwiftRichString.framework in Embed Frameworks */ = {isa = PBXBuildFile; fileRef = 1F7FA6371F805A2A003FFBB6 /* SwiftRichString.framework */; settings = {ATTRIBUTES = (CodeSignOnCopy, RemoveHeadersOnCopy, ); }; };
		1F939F481F7306A100C03386 /* AppDelegate.swift in Sources */ = {isa = PBXBuildFile; fileRef = 1F939F471F7306A100C03386 /* AppDelegate.swift */; };
		1F939F4D1F7306A100C03386 /* Main.storyboard in Resources */ = {isa = PBXBuildFile; fileRef = 1F939F4B1F7306A100C03386 /* Main.storyboard */; };
		1F939F4F1F7306A100C03386 /* Assets.xcassets in Resources */ = {isa = PBXBuildFile; fileRef = 1F939F4E1F7306A100C03386 /* Assets.xcassets */; };
		1F939F521F7306A100C03386 /* LaunchScreen.storyboard in Resources */ = {isa = PBXBuildFile; fileRef = 1F939F501F7306A100C03386 /* LaunchScreen.storyboard */; };
		1F939F5D1F7306A100C03386 /* HooopsTests.swift in Sources */ = {isa = PBXBuildFile; fileRef = 1F939F5C1F7306A100C03386 /* HooopsTests.swift */; };
		1F939F831F73073400C03386 /* NothingButNet.framework in Frameworks */ = {isa = PBXBuildFile; fileRef = 1F939F7A1F73073400C03386 /* NothingButNet.framework */; };
		1F939F8A1F73073400C03386 /* UserTests.swift in Sources */ = {isa = PBXBuildFile; fileRef = 1F939F891F73073400C03386 /* UserTests.swift */; };
		1F939F8C1F73073400C03386 /* NothingButNet.h in Headers */ = {isa = PBXBuildFile; fileRef = 1F939F7C1F73073400C03386 /* NothingButNet.h */; settings = {ATTRIBUTES = (Public, ); }; };
		1F939F8F1F73073400C03386 /* NothingButNet.framework in Frameworks */ = {isa = PBXBuildFile; fileRef = 1F939F7A1F73073400C03386 /* NothingButNet.framework */; };
		1F939F901F73073400C03386 /* NothingButNet.framework in Embed Frameworks */ = {isa = PBXBuildFile; fileRef = 1F939F7A1F73073400C03386 /* NothingButNet.framework */; settings = {ATTRIBUTES = (CodeSignOnCopy, RemoveHeadersOnCopy, ); }; };
		1F939F9B1F73075F00C03386 /* NothingBut.swift in Sources */ = {isa = PBXBuildFile; fileRef = 1F939F9A1F73075F00C03386 /* NothingBut.swift */; };
		1F939F9E1F73111200C03386 /* User.swift in Sources */ = {isa = PBXBuildFile; fileRef = 1F939F9D1F73111200C03386 /* User.swift */; };
		1F939FA01F7316BF00C03386 /* Shot.swift in Sources */ = {isa = PBXBuildFile; fileRef = 1F939F9F1F7316BF00C03386 /* Shot.swift */; };
		1F939FA21F731B5900C03386 /* Team.swift in Sources */ = {isa = PBXBuildFile; fileRef = 1F939FA11F731B5900C03386 /* Team.swift */; };
		1F939FA41F731CD100C03386 /* Images.swift in Sources */ = {isa = PBXBuildFile; fileRef = 1F939FA31F731CD100C03386 /* Images.swift */; };
		1F939FA61F731CE500C03386 /* Links.swift in Sources */ = {isa = PBXBuildFile; fileRef = 1F939FA51F731CE500C03386 /* Links.swift */; };
		1F939FAA1F7322EC00C03386 /* UIFont.swift in Sources */ = {isa = PBXBuildFile; fileRef = 1F939FA91F7322EC00C03386 /* UIFont.swift */; };
		1FA012511F75A7C100EB4927 /* UIColor.swift in Sources */ = {isa = PBXBuildFile; fileRef = 1FA012501F75A7C100EB4927 /* UIColor.swift */; };
		1FA08D171F8594A2004EB06D /* DeckTransition.framework in Frameworks */ = {isa = PBXBuildFile; fileRef = 1FA08D141F859498004EB06D /* DeckTransition.framework */; };
		1FA08D181F8594A2004EB06D /* DeckTransition.framework in Embed Frameworks */ = {isa = PBXBuildFile; fileRef = 1FA08D141F859498004EB06D /* DeckTransition.framework */; settings = {ATTRIBUTES = (CodeSignOnCopy, RemoveHeadersOnCopy, ); }; };
		1FADB41F1F7DB5D10006343D /* HomeViewListLayout.swift in Sources */ = {isa = PBXBuildFile; fileRef = 1FADB41D1F7DB5D00006343D /* HomeViewListLayout.swift */; };
		1FADB4201F7DB5D10006343D /* HomeViewGridLayout.swift in Sources */ = {isa = PBXBuildFile; fileRef = 1FADB41E1F7DB5D00006343D /* HomeViewGridLayout.swift */; };
		1FB78EC71F7814E90039BE04 /* UIImage.swift in Sources */ = {isa = PBXBuildFile; fileRef = 1FB78EC61F7814E90039BE04 /* UIImage.swift */; };
		1FB78ECA1F78356F0039BE04 /* ProfileImageView.swift in Sources */ = {isa = PBXBuildFile; fileRef = 1FB78EC91F78356F0039BE04 /* ProfileImageView.swift */; };
		1FB78ECD1F7847280039BE04 /* ShotDetailViewController.swift in Sources */ = {isa = PBXBuildFile; fileRef = 1FB78ECC1F7847280039BE04 /* ShotDetailViewController.swift */; };
		1FB78ECF1F78514C0039BE04 /* ShotDetailImageCell.swift in Sources */ = {isa = PBXBuildFile; fileRef = 1FB78ECE1F78514C0039BE04 /* ShotDetailImageCell.swift */; };
		1FB78ED21F7857EF0039BE04 /* ShotDetailStatsCell.swift in Sources */ = {isa = PBXBuildFile; fileRef = 1FB78ED11F7857EF0039BE04 /* ShotDetailStatsCell.swift */; };
		1FB78ED41F78645A0039BE04 /* Localization.swift in Sources */ = {isa = PBXBuildFile; fileRef = 1FB78ED31F78645A0039BE04 /* Localization.swift */; };
		1FB78ED71F786F6A0039BE04 /* UIImage+Gif.swift in Sources */ = {isa = PBXBuildFile; fileRef = 1FB78ED61F786F6A0039BE04 /* UIImage+Gif.swift */; };
		1FB78ED81F786FB10039BE04 /* UIImage+Gif.swift in Sources */ = {isa = PBXBuildFile; fileRef = 1FB78ED61F786F6A0039BE04 /* UIImage+Gif.swift */; };
		1FDB9ABC1F770FC7001DB054 /* UIView.swift in Sources */ = {isa = PBXBuildFile; fileRef = 1FDB9ABB1F770FC7001DB054 /* UIView.swift */; };
		1FDB9AC11F7714C5001DB054 /* Home.storyboard in Resources */ = {isa = PBXBuildFile; fileRef = 1FDB9AC01F7714C5001DB054 /* Home.storyboard */; };
		1FDB9AC71F77151F001DB054 /* Profile.storyboard in Resources */ = {isa = PBXBuildFile; fileRef = 1FDB9AC61F77151F001DB054 /* Profile.storyboard */; };
		1FE01A211F77D530008C16FD /* HomeSortViewController.swift in Sources */ = {isa = PBXBuildFile; fileRef = 1FE01A201F77D530008C16FD /* HomeSortViewController.swift */; };
		1FE365721F844A36001739B0 /* ShotCommentsViewController.swift in Sources */ = {isa = PBXBuildFile; fileRef = 1FE365711F844A36001739B0 /* ShotCommentsViewController.swift */; };
		1FFE66421FB2658600C44914 /* SettingsViewController.swift in Sources */ = {isa = PBXBuildFile; fileRef = 1FFE66411FB2658600C44914 /* SettingsViewController.swift */; };
		1FFE6E3D1FB38A13004FB8EE /* WhiteIcon@2x.png in Resources */ = {isa = PBXBuildFile; fileRef = 1FFE6E371FB38A13004FB8EE /* WhiteIcon@2x.png */; };
		1FFE6E3E1FB38A13004FB8EE /* PinkIcon@2x.png in Resources */ = {isa = PBXBuildFile; fileRef = 1FFE6E381FB38A13004FB8EE /* PinkIcon@2x.png */; };
		1FFE6E3F1FB38A13004FB8EE /* PinkIcon@3x.png in Resources */ = {isa = PBXBuildFile; fileRef = 1FFE6E391FB38A13004FB8EE /* PinkIcon@3x.png */; };
		1FFE6E401FB38A13004FB8EE /* WhiteIcon.png in Resources */ = {isa = PBXBuildFile; fileRef = 1FFE6E3A1FB38A13004FB8EE /* WhiteIcon.png */; };
		1FFE6E411FB38A13004FB8EE /* WhiteIcon@3x.png in Resources */ = {isa = PBXBuildFile; fileRef = 1FFE6E3B1FB38A13004FB8EE /* WhiteIcon@3x.png */; };
		1FFE6E421FB38A13004FB8EE /* PinkIcon.png in Resources */ = {isa = PBXBuildFile; fileRef = 1FFE6E3C1FB38A13004FB8EE /* PinkIcon.png */; };
/* End PBXBuildFile section */

/* Begin PBXContainerItemProxy section */
		1F0BCF611F80357F00872D52 /* PBXContainerItemProxy */ = {
			isa = PBXContainerItemProxy;
			containerPortal = 1F0BCF5C1F80357F00872D52 /* Gifu.xcodeproj */;
			proxyType = 2;
			remoteGlobalIDString = 00B8C73E1A364DA400C188E7;
			remoteInfo = Gifu;
		};
		1F0BCF631F80357F00872D52 /* PBXContainerItemProxy */ = {
			isa = PBXContainerItemProxy;
			containerPortal = 1F0BCF5C1F80357F00872D52 /* Gifu.xcodeproj */;
			proxyType = 2;
			remoteGlobalIDString = 009BD1361BBC7F6500FC982B;
			remoteInfo = GifuTests;
		};
		1F0BCF711F80359F00872D52 /* PBXContainerItemProxy */ = {
			isa = PBXContainerItemProxy;
			containerPortal = 1F0BCF651F80359F00872D52 /* Nuke.xcodeproj */;
			proxyType = 2;
			remoteGlobalIDString = 0C9174901BAE99EE004A7905;
			remoteInfo = "Nuke iOS";
		};
		1F0BCF731F80359F00872D52 /* PBXContainerItemProxy */ = {
			isa = PBXContainerItemProxy;
			containerPortal = 1F0BCF651F80359F00872D52 /* Nuke.xcodeproj */;
			proxyType = 2;
			remoteGlobalIDString = 0C22DA2C1BCAA220006E1D3B;
			remoteInfo = "Nuke macOS";
		};
		1F0BCF751F80359F00872D52 /* PBXContainerItemProxy */ = {
			isa = PBXContainerItemProxy;
			containerPortal = 1F0BCF651F80359F00872D52 /* Nuke.xcodeproj */;
			proxyType = 2;
			remoteGlobalIDString = 0C22D9C51BCA9734006E1D3B;
			remoteInfo = "Nuke watchOS";
		};
		1F0BCF771F80359F00872D52 /* PBXContainerItemProxy */ = {
			isa = PBXContainerItemProxy;
			containerPortal = 1F0BCF651F80359F00872D52 /* Nuke.xcodeproj */;
			proxyType = 2;
			remoteGlobalIDString = 0CC345971BD96CFE005C2DD8;
			remoteInfo = "Nuke tvOS";
		};
		1F0BCF791F80359F00872D52 /* PBXContainerItemProxy */ = {
			isa = PBXContainerItemProxy;
			containerPortal = 1F0BCF651F80359F00872D52 /* Nuke.xcodeproj */;
			proxyType = 2;
			remoteGlobalIDString = 0C7C06771BCA882A00089D7F;
			remoteInfo = "Nuke iOS Tests";
		};
		1F0BCF7B1F80359F00872D52 /* PBXContainerItemProxy */ = {
			isa = PBXContainerItemProxy;
			containerPortal = 1F0BCF651F80359F00872D52 /* Nuke.xcodeproj */;
			proxyType = 2;
			remoteGlobalIDString = 0C22DA381BCAA22A006E1D3B;
			remoteInfo = "Nuke macOS Tests";
		};
		1F0BCF7D1F80359F00872D52 /* PBXContainerItemProxy */ = {
			isa = PBXContainerItemProxy;
			containerPortal = 1F0BCF651F80359F00872D52 /* Nuke.xcodeproj */;
			proxyType = 2;
			remoteGlobalIDString = 0CC345A31BD96D2A005C2DD8;
			remoteInfo = "Nuke tvOS Tests";
		};
		1F0BCF7F1F80359F00872D52 /* PBXContainerItemProxy */ = {
			isa = PBXContainerItemProxy;
			containerPortal = 1F0BCF651F80359F00872D52 /* Nuke.xcodeproj */;
			proxyType = 2;
			remoteGlobalIDString = 0C8D7BD01D9DBF1600D12EB7;
			remoteInfo = "Nuke iOS Tests Host";
		};
		1F0BCF811F80359F00872D52 /* PBXContainerItemProxy */ = {
			isa = PBXContainerItemProxy;
			containerPortal = 1F0BCF651F80359F00872D52 /* Nuke.xcodeproj */;
			proxyType = 2;
			remoteGlobalIDString = 0C8D7BE81D9DC02B00D12EB7;
			remoteInfo = "Nuke iOS Performance Tests";
		};
		1F0BCF871F8035C300872D52 /* PBXContainerItemProxy */ = {
			isa = PBXContainerItemProxy;
			containerPortal = 1F0BCF831F8035C300872D52 /* Nuke-Gifu-Plugin.xcodeproj */;
			proxyType = 2;
			remoteGlobalIDString = 0C06D2241C11F3FF00CC5C35;
			remoteInfo = "Nuke iOS Gifu Plugin";
		};
		1F0BCF8B1F8035DB00872D52 /* PBXContainerItemProxy */ = {
			isa = PBXContainerItemProxy;
			containerPortal = 1F0BCF651F80359F00872D52 /* Nuke.xcodeproj */;
			proxyType = 1;
			remoteGlobalIDString = 0C91748F1BAE99EE004A7905;
			remoteInfo = "Nuke iOS";
		};
		1F0BCF8F1F8035DB00872D52 /* PBXContainerItemProxy */ = {
			isa = PBXContainerItemProxy;
			containerPortal = 1F0BCF831F8035C300872D52 /* Nuke-Gifu-Plugin.xcodeproj */;
			proxyType = 1;
			remoteGlobalIDString = 0C06D2231C11F3FF00CC5C35;
			remoteInfo = "Nuke iOS Gifu Plugin";
		};
		1F0BCF931F8035DB00872D52 /* PBXContainerItemProxy */ = {
			isa = PBXContainerItemProxy;
			containerPortal = 1F0BCF5C1F80357F00872D52 /* Gifu.xcodeproj */;
			proxyType = 1;
			remoteGlobalIDString = 00B8C73D1A364DA400C188E7;
			remoteInfo = Gifu;
		};
		1F46EEDC1F819D8D003F22C5 /* PBXContainerItemProxy */ = {
			isa = PBXContainerItemProxy;
			containerPortal = 1F46EED71F819D8D003F22C5 /* SnapKit.xcodeproj */;
			proxyType = 2;
			remoteGlobalIDString = EEBCC9D819CC627D0083B827;
			remoteInfo = SnapKit;
		};
		1F46EEDE1F819D8D003F22C5 /* PBXContainerItemProxy */ = {
			isa = PBXContainerItemProxy;
			containerPortal = 1F46EED71F819D8D003F22C5 /* SnapKit.xcodeproj */;
			proxyType = 2;
			remoteGlobalIDString = EEBCC9E219CC627E0083B827;
			remoteInfo = "SnapKit Tests";
		};
		1F46EEE21F819DEB003F22C5 /* PBXContainerItemProxy */ = {
			isa = PBXContainerItemProxy;
			containerPortal = 1F46EED71F819D8D003F22C5 /* SnapKit.xcodeproj */;
			proxyType = 1;
			remoteGlobalIDString = EEBCC9D719CC627D0083B827;
			remoteInfo = SnapKit;
		};
		1F7FA6241F8043D0003FFBB6 /* PBXContainerItemProxy */ = {
			isa = PBXContainerItemProxy;
			containerPortal = 1F7FA6161F8043D0003FFBB6 /* Preheat.xcodeproj */;
			proxyType = 2;
			remoteGlobalIDString = 0CD20B151CA45C1E006BA4B9;
			remoteInfo = "Preheat iOS";
		};
		1F7FA6261F8043D0003FFBB6 /* PBXContainerItemProxy */ = {
			isa = PBXContainerItemProxy;
			containerPortal = 1F7FA6161F8043D0003FFBB6 /* Preheat.xcodeproj */;
			proxyType = 2;
			remoteGlobalIDString = 0C2A20A91CA5A605008C0D4C;
			remoteInfo = "Preheat tvOS";
		};
		1F7FA62A1F8043E8003FFBB6 /* PBXContainerItemProxy */ = {
			isa = PBXContainerItemProxy;
			containerPortal = 1F7FA6161F8043D0003FFBB6 /* Preheat.xcodeproj */;
			proxyType = 1;
			remoteGlobalIDString = 0CD20B141CA45C1E006BA4B9;
			remoteInfo = "Preheat iOS";
		};
		1F7FA6361F805A2A003FFBB6 /* PBXContainerItemProxy */ = {
			isa = PBXContainerItemProxy;
			containerPortal = 1F7FA62E1F805A2A003FFBB6 /* SwiftRichString.xcodeproj */;
			proxyType = 2;
			remoteGlobalIDString = 52D6D97C1BEFF229002C0205;
			remoteInfo = "SwiftRichString-iOS";
		};
		1F7FA6381F805A2A003FFBB6 /* PBXContainerItemProxy */ = {
			isa = PBXContainerItemProxy;
			containerPortal = 1F7FA62E1F805A2A003FFBB6 /* SwiftRichString.xcodeproj */;
			proxyType = 2;
			remoteGlobalIDString = 52D6DA0F1BF000BD002C0205;
			remoteInfo = "SwiftRichString-macOS";
		};
		1F7FA63A1F805A2A003FFBB6 /* PBXContainerItemProxy */ = {
			isa = PBXContainerItemProxy;
			containerPortal = 1F7FA62E1F805A2A003FFBB6 /* SwiftRichString.xcodeproj */;
			proxyType = 2;
			remoteGlobalIDString = 52D6D9E21BEFFF6E002C0205;
			remoteInfo = "SwiftRichString-watchOS";
		};
		1F7FA63C1F805A2A003FFBB6 /* PBXContainerItemProxy */ = {
			isa = PBXContainerItemProxy;
			containerPortal = 1F7FA62E1F805A2A003FFBB6 /* SwiftRichString.xcodeproj */;
			proxyType = 2;
			remoteGlobalIDString = 52D6D9F01BEFFFBE002C0205;
			remoteInfo = "SwiftRichString-tvOS";
		};
		1F7FA63E1F805A2A003FFBB6 /* PBXContainerItemProxy */ = {
			isa = PBXContainerItemProxy;
			containerPortal = 1F7FA62E1F805A2A003FFBB6 /* SwiftRichString.xcodeproj */;
			proxyType = 2;
			remoteGlobalIDString = 377C8E431F0EF04200D4026C;
			remoteInfo = DemoApp;
		};
		1F7FA6421F805A37003FFBB6 /* PBXContainerItemProxy */ = {
			isa = PBXContainerItemProxy;
			containerPortal = 1F7FA62E1F805A2A003FFBB6 /* SwiftRichString.xcodeproj */;
			proxyType = 1;
			remoteGlobalIDString = 52D6D97B1BEFF229002C0205;
			remoteInfo = "SwiftRichString-iOS";
		};
		1F939F591F7306A100C03386 /* PBXContainerItemProxy */ = {
			isa = PBXContainerItemProxy;
			containerPortal = 1F939F3C1F7306A100C03386 /* Project object */;
			proxyType = 1;
			remoteGlobalIDString = 1F939F431F7306A100C03386;
			remoteInfo = Bounce;
		};
		1F939F841F73073400C03386 /* PBXContainerItemProxy */ = {
			isa = PBXContainerItemProxy;
			containerPortal = 1F939F3C1F7306A100C03386 /* Project object */;
			proxyType = 1;
			remoteGlobalIDString = 1F939F791F73073400C03386;
			remoteInfo = NothingButNet;
		};
		1F939F861F73073400C03386 /* PBXContainerItemProxy */ = {
			isa = PBXContainerItemProxy;
			containerPortal = 1F939F3C1F7306A100C03386 /* Project object */;
			proxyType = 1;
			remoteGlobalIDString = 1F939F431F7306A100C03386;
			remoteInfo = Bounce;
		};
		1F939F8D1F73073400C03386 /* PBXContainerItemProxy */ = {
			isa = PBXContainerItemProxy;
			containerPortal = 1F939F3C1F7306A100C03386 /* Project object */;
			proxyType = 1;
			remoteGlobalIDString = 1F939F791F73073400C03386;
			remoteInfo = NothingButNet;
		};
		1FA08D131F859498004EB06D /* PBXContainerItemProxy */ = {
			isa = PBXContainerItemProxy;
			containerPortal = 1FA08D0E1F859498004EB06D /* DeckTransition.xcodeproj */;
			proxyType = 2;
			remoteGlobalIDString = D93F1C981EAEDB6E009A7474;
			remoteInfo = DeckTransition;
		};
		1FA08D151F859498004EB06D /* PBXContainerItemProxy */ = {
			isa = PBXContainerItemProxy;
			containerPortal = 1FA08D0E1F859498004EB06D /* DeckTransition.xcodeproj */;
			proxyType = 2;
			remoteGlobalIDString = D93F1CA11EAEDB6E009A7474;
			remoteInfo = DeckTransitionTests;
		};
		1FA08D191F8594A2004EB06D /* PBXContainerItemProxy */ = {
			isa = PBXContainerItemProxy;
			containerPortal = 1FA08D0E1F859498004EB06D /* DeckTransition.xcodeproj */;
			proxyType = 1;
			remoteGlobalIDString = D93F1C971EAEDB6E009A7474;
			remoteInfo = DeckTransition;
		};
		1FEC4CD91F95474A004F221E /* PBXContainerItemProxy */ = {
			isa = PBXContainerItemProxy;
			containerPortal = 1FEC4CD01F95474A004F221E /* IGListKit.xcodeproj */;
			proxyType = 2;
			remoteGlobalIDString = 887D0B361D870D7E009E01F7;
			remoteInfo = IGListKit;
		};
		1FEC4CDB1F95474A004F221E /* PBXContainerItemProxy */ = {
			isa = PBXContainerItemProxy;
			containerPortal = 1FEC4CD01F95474A004F221E /* IGListKit.xcodeproj */;
			proxyType = 2;
			remoteGlobalIDString = 887D0B3F1D870D7F009E01F7;
			remoteInfo = IGListKitTests;
		};
		1FEC4CDD1F95474A004F221E /* PBXContainerItemProxy */ = {
			isa = PBXContainerItemProxy;
			containerPortal = 1FEC4CD01F95474A004F221E /* IGListKit.xcodeproj */;
			proxyType = 2;
			remoteGlobalIDString = 885FE1D41DC51A0D009CE2B4;
			remoteInfo = "IGListKit-tvOS";
		};
		1FEC4CDF1F95474A004F221E /* PBXContainerItemProxy */ = {
			isa = PBXContainerItemProxy;
			containerPortal = 1FEC4CD01F95474A004F221E /* IGListKit.xcodeproj */;
			proxyType = 2;
			remoteGlobalIDString = 885FE1DC1DC51A0D009CE2B4;
			remoteInfo = "IGListKit-tvOSTests";
		};
		1FEC4CE11F95474A004F221E /* PBXContainerItemProxy */ = {
			isa = PBXContainerItemProxy;
			containerPortal = 1FEC4CD01F95474A004F221E /* IGListKit.xcodeproj */;
			proxyType = 2;
			remoteGlobalIDString = DD3152AC1DE227FA00AC9D2C;
			remoteInfo = "IGListKit-macOS";
		};
		1FEC4CE31F95474A004F221E /* PBXContainerItemProxy */ = {
			isa = PBXContainerItemProxy;
			containerPortal = 1FEC4CD01F95474A004F221E /* IGListKit.xcodeproj */;
			proxyType = 2;
			remoteGlobalIDString = 88DF897C1E010E6A00B1B9B4;
			remoteInfo = "IGListKit-macOSTests";
		};
/* End PBXContainerItemProxy section */

/* Begin PBXCopyFilesBuildPhase section */
		1F939F941F73073400C03386 /* Embed Frameworks */ = {
			isa = PBXCopyFilesBuildPhase;
			buildActionMask = 2147483647;
			dstPath = "";
			dstSubfolderSpec = 10;
			files = (
				1F0BCF8E1F8035DB00872D52 /* NukeGifuPlugin.framework in Embed Frameworks */,
				1F7FA6411F805A37003FFBB6 /* SwiftRichString.framework in Embed Frameworks */,
				1F7FA6291F8043E8003FFBB6 /* Preheat.framework in Embed Frameworks */,
				1F46EEE11F819DEB003F22C5 /* SnapKit.framework in Embed Frameworks */,
				1F0BCF921F8035DB00872D52 /* Gifu.framework in Embed Frameworks */,
				1F939F901F73073400C03386 /* NothingButNet.framework in Embed Frameworks */,
				1FA08D181F8594A2004EB06D /* DeckTransition.framework in Embed Frameworks */,
				1F0BCF8A1F8035DB00872D52 /* Nuke.framework in Embed Frameworks */,
			);
			name = "Embed Frameworks";
			runOnlyForDeploymentPostprocessing = 0;
		};
/* End PBXCopyFilesBuildPhase section */

/* Begin PBXFileReference section */
		1F06C3A41F7ADB010071B421 /* ShotDetailTextCellCollectionViewCell.swift */ = {isa = PBXFileReference; lastKnownFileType = sourcecode.swift; path = ShotDetailTextCellCollectionViewCell.swift; sourceTree = "<group>"; };
		1F06C3A51F7ADB010071B421 /* ShotDetailTextCellCollectionViewCell.xib */ = {isa = PBXFileReference; lastKnownFileType = file.xib; path = ShotDetailTextCellCollectionViewCell.xib; sourceTree = "<group>"; };
		1F0BCF4E1F7FCCB100872D52 /* Hooops.entitlements */ = {isa = PBXFileReference; lastKnownFileType = text.plist.entitlements; path = Hooops.entitlements; sourceTree = "<group>"; };
		1F0BCF4F1F7FCD8400872D52 /* ProfileViewController.swift */ = {isa = PBXFileReference; lastKnownFileType = sourcecode.swift; path = ProfileViewController.swift; sourceTree = "<group>"; };
		1F0BCF511F7FCEF600872D52 /* ShotDetailTagsCell.swift */ = {isa = PBXFileReference; lastKnownFileType = sourcecode.swift; path = ShotDetailTagsCell.swift; sourceTree = "<group>"; };
		1F0BCF541F7FD68E00872D52 /* TextSize.swift */ = {isa = PBXFileReference; lastKnownFileType = sourcecode.swift; path = TextSize.swift; sourceTree = "<group>"; };
		1F0BCF581F7FECAB00872D52 /* Comment.swift */ = {isa = PBXFileReference; lastKnownFileType = sourcecode.swift; path = Comment.swift; sourceTree = "<group>"; };
		1F0BCF5C1F80357F00872D52 /* Gifu.xcodeproj */ = {isa = PBXFileReference; lastKnownFileType = "wrapper.pb-project"; name = Gifu.xcodeproj; path = Gifu/Gifu.xcodeproj; sourceTree = "<group>"; };
		1F0BCF651F80359F00872D52 /* Nuke.xcodeproj */ = {isa = PBXFileReference; lastKnownFileType = "wrapper.pb-project"; name = Nuke.xcodeproj; path = Nuke/Nuke.xcodeproj; sourceTree = "<group>"; };
		1F0BCF831F8035C300872D52 /* Nuke-Gifu-Plugin.xcodeproj */ = {isa = PBXFileReference; lastKnownFileType = "wrapper.pb-project"; name = "Nuke-Gifu-Plugin.xcodeproj"; path = "Nuke-Gifu-Plugin/Nuke-Gifu-Plugin.xcodeproj"; sourceTree = "<group>"; };
		1F1022DF1FB0F89900118DF5 /* HomeTimeframeViewController.swift */ = {isa = PBXFileReference; fileEncoding = 4; lastKnownFileType = sourcecode.swift; path = HomeTimeframeViewController.swift; sourceTree = "<group>"; };
		1F1022FB1FB0F91D00118DF5 /* HomeFilterCell.swift */ = {isa = PBXFileReference; lastKnownFileType = sourcecode.swift; path = HomeFilterCell.swift; sourceTree = "<group>"; };
		1F1022FD1FB0FCC200118DF5 /* HomeListTypeViewController.swift */ = {isa = PBXFileReference; fileEncoding = 4; lastKnownFileType = sourcecode.swift; path = HomeListTypeViewController.swift; sourceTree = "<group>"; };
		1F161B2A1F7715DE003631C2 /* HomeViewController.swift */ = {isa = PBXFileReference; lastKnownFileType = sourcecode.swift; path = HomeViewController.swift; sourceTree = "<group>"; };
		1F161B2E1F77186F003631C2 /* HomeShotListCell.swift */ = {isa = PBXFileReference; lastKnownFileType = sourcecode.swift; path = HomeShotListCell.swift; sourceTree = "<group>"; };
		1F161B301F772E15003631C2 /* HomeShotListCellDetailsContainerView.xib */ = {isa = PBXFileReference; lastKnownFileType = file.xib; path = HomeShotListCellDetailsContainerView.xib; sourceTree = "<group>"; };
		1F161B321F773422003631C2 /* HomeShotListCellDetailsContainerView.swift */ = {isa = PBXFileReference; lastKnownFileType = sourcecode.swift; path = HomeShotListCellDetailsContainerView.swift; sourceTree = "<group>"; };
		1F161B351F773587003631C2 /* Nibloadable.swift */ = {isa = PBXFileReference; lastKnownFileType = sourcecode.swift; path = Nibloadable.swift; sourceTree = "<group>"; };
		1F2843751F7696000083E6AD /* UICollectionViewCell.swift */ = {isa = PBXFileReference; lastKnownFileType = sourcecode.swift; path = UICollectionViewCell.swift; sourceTree = "<group>"; };
		1F46EED11F80DFA9003F22C5 /* ShotDetailCommentCell.swift */ = {isa = PBXFileReference; lastKnownFileType = sourcecode.swift; path = ShotDetailCommentCell.swift; sourceTree = "<group>"; };
		1F46EED21F80DFA9003F22C5 /* ShotDetailCommentCell.xib */ = {isa = PBXFileReference; lastKnownFileType = file.xib; path = ShotDetailCommentCell.xib; sourceTree = "<group>"; };
		1F46EED51F813766003F22C5 /* NSAttributedString.swift */ = {isa = PBXFileReference; lastKnownFileType = sourcecode.swift; path = NSAttributedString.swift; sourceTree = "<group>"; };
		1F46EED71F819D8D003F22C5 /* SnapKit.xcodeproj */ = {isa = PBXFileReference; lastKnownFileType = "wrapper.pb-project"; name = SnapKit.xcodeproj; path = SnapKit/SnapKit.xcodeproj; sourceTree = "<group>"; };
		1F7FA6161F8043D0003FFBB6 /* Preheat.xcodeproj */ = {isa = PBXFileReference; lastKnownFileType = "wrapper.pb-project"; name = Preheat.xcodeproj; path = Preheat/Preheat.xcodeproj; sourceTree = "<group>"; };
		1F7FA62C1F80480E003FFBB6 /* HTTPLogger.swift */ = {isa = PBXFileReference; lastKnownFileType = sourcecode.swift; path = HTTPLogger.swift; sourceTree = "<group>"; };
		1F7FA62E1F805A2A003FFBB6 /* SwiftRichString.xcodeproj */ = {isa = PBXFileReference; lastKnownFileType = "wrapper.pb-project"; name = SwiftRichString.xcodeproj; path = SwiftRichString/SwiftRichString.xcodeproj; sourceTree = "<group>"; };
		1F939F441F7306A100C03386 /* Hooops.app */ = {isa = PBXFileReference; explicitFileType = wrapper.application; includeInIndex = 0; path = Hooops.app; sourceTree = BUILT_PRODUCTS_DIR; };
		1F939F471F7306A100C03386 /* AppDelegate.swift */ = {isa = PBXFileReference; lastKnownFileType = sourcecode.swift; path = AppDelegate.swift; sourceTree = "<group>"; };
		1F939F4C1F7306A100C03386 /* Base */ = {isa = PBXFileReference; lastKnownFileType = file.storyboard; name = Base; path = Base.lproj/Main.storyboard; sourceTree = "<group>"; };
		1F939F4E1F7306A100C03386 /* Assets.xcassets */ = {isa = PBXFileReference; lastKnownFileType = folder.assetcatalog; path = Assets.xcassets; sourceTree = "<group>"; };
		1F939F511F7306A100C03386 /* Base */ = {isa = PBXFileReference; lastKnownFileType = file.storyboard; name = Base; path = Base.lproj/LaunchScreen.storyboard; sourceTree = "<group>"; };
		1F939F531F7306A100C03386 /* Info.plist */ = {isa = PBXFileReference; lastKnownFileType = text.plist.xml; path = Info.plist; sourceTree = "<group>"; };
		1F939F581F7306A100C03386 /* HooopsTests.xctest */ = {isa = PBXFileReference; explicitFileType = wrapper.cfbundle; includeInIndex = 0; path = HooopsTests.xctest; sourceTree = BUILT_PRODUCTS_DIR; };
		1F939F5C1F7306A100C03386 /* HooopsTests.swift */ = {isa = PBXFileReference; lastKnownFileType = sourcecode.swift; path = HooopsTests.swift; sourceTree = "<group>"; };
		1F939F5E1F7306A100C03386 /* Info.plist */ = {isa = PBXFileReference; lastKnownFileType = text.plist.xml; path = Info.plist; sourceTree = "<group>"; };
		1F939F7A1F73073400C03386 /* NothingButNet.framework */ = {isa = PBXFileReference; explicitFileType = wrapper.framework; includeInIndex = 0; path = NothingButNet.framework; sourceTree = BUILT_PRODUCTS_DIR; };
		1F939F7C1F73073400C03386 /* NothingButNet.h */ = {isa = PBXFileReference; lastKnownFileType = sourcecode.c.h; path = NothingButNet.h; sourceTree = "<group>"; };
		1F939F7D1F73073400C03386 /* Info.plist */ = {isa = PBXFileReference; lastKnownFileType = text.plist.xml; path = Info.plist; sourceTree = "<group>"; };
		1F939F821F73073400C03386 /* NothingButNetTests.xctest */ = {isa = PBXFileReference; explicitFileType = wrapper.cfbundle; includeInIndex = 0; path = NothingButNetTests.xctest; sourceTree = BUILT_PRODUCTS_DIR; };
		1F939F891F73073400C03386 /* UserTests.swift */ = {isa = PBXFileReference; lastKnownFileType = sourcecode.swift; path = UserTests.swift; sourceTree = "<group>"; };
		1F939F8B1F73073400C03386 /* Info.plist */ = {isa = PBXFileReference; lastKnownFileType = text.plist.xml; path = Info.plist; sourceTree = "<group>"; };
		1F939F9A1F73075F00C03386 /* NothingBut.swift */ = {isa = PBXFileReference; lastKnownFileType = sourcecode.swift; path = NothingBut.swift; sourceTree = "<group>"; };
		1F939F9D1F73111200C03386 /* User.swift */ = {isa = PBXFileReference; lastKnownFileType = sourcecode.swift; path = User.swift; sourceTree = "<group>"; };
		1F939F9F1F7316BF00C03386 /* Shot.swift */ = {isa = PBXFileReference; lastKnownFileType = sourcecode.swift; path = Shot.swift; sourceTree = "<group>"; };
		1F939FA11F731B5900C03386 /* Team.swift */ = {isa = PBXFileReference; lastKnownFileType = sourcecode.swift; path = Team.swift; sourceTree = "<group>"; };
		1F939FA31F731CD100C03386 /* Images.swift */ = {isa = PBXFileReference; lastKnownFileType = sourcecode.swift; path = Images.swift; sourceTree = "<group>"; };
		1F939FA51F731CE500C03386 /* Links.swift */ = {isa = PBXFileReference; lastKnownFileType = sourcecode.swift; path = Links.swift; sourceTree = "<group>"; };
		1F939FA91F7322EC00C03386 /* UIFont.swift */ = {isa = PBXFileReference; lastKnownFileType = sourcecode.swift; path = UIFont.swift; sourceTree = "<group>"; };
		1FA012501F75A7C100EB4927 /* UIColor.swift */ = {isa = PBXFileReference; lastKnownFileType = sourcecode.swift; path = UIColor.swift; sourceTree = "<group>"; };
		1FA08D0E1F859498004EB06D /* DeckTransition.xcodeproj */ = {isa = PBXFileReference; lastKnownFileType = "wrapper.pb-project"; name = DeckTransition.xcodeproj; path = DeckTransition/DeckTransition.xcodeproj; sourceTree = "<group>"; };
		1FADB41D1F7DB5D00006343D /* HomeViewListLayout.swift */ = {isa = PBXFileReference; lastKnownFileType = sourcecode.swift; path = HomeViewListLayout.swift; sourceTree = "<group>"; };
		1FADB41E1F7DB5D00006343D /* HomeViewGridLayout.swift */ = {isa = PBXFileReference; lastKnownFileType = sourcecode.swift; path = HomeViewGridLayout.swift; sourceTree = "<group>"; };
		1FB78EC61F7814E90039BE04 /* UIImage.swift */ = {isa = PBXFileReference; lastKnownFileType = sourcecode.swift; path = UIImage.swift; sourceTree = "<group>"; };
		1FB78EC91F78356F0039BE04 /* ProfileImageView.swift */ = {isa = PBXFileReference; lastKnownFileType = sourcecode.swift; path = ProfileImageView.swift; sourceTree = "<group>"; };
		1FB78ECC1F7847280039BE04 /* ShotDetailViewController.swift */ = {isa = PBXFileReference; lastKnownFileType = sourcecode.swift; path = ShotDetailViewController.swift; sourceTree = "<group>"; };
		1FB78ECE1F78514C0039BE04 /* ShotDetailImageCell.swift */ = {isa = PBXFileReference; lastKnownFileType = sourcecode.swift; path = ShotDetailImageCell.swift; sourceTree = "<group>"; };
		1FB78ED11F7857EF0039BE04 /* ShotDetailStatsCell.swift */ = {isa = PBXFileReference; lastKnownFileType = sourcecode.swift; path = ShotDetailStatsCell.swift; sourceTree = "<group>"; };
		1FB78ED31F78645A0039BE04 /* Localization.swift */ = {isa = PBXFileReference; lastKnownFileType = sourcecode.swift; path = Localization.swift; sourceTree = "<group>"; };
		1FB78ED61F786F6A0039BE04 /* UIImage+Gif.swift */ = {isa = PBXFileReference; lastKnownFileType = sourcecode.swift; path = "UIImage+Gif.swift"; sourceTree = "<group>"; };
		1FDB9ABB1F770FC7001DB054 /* UIView.swift */ = {isa = PBXFileReference; lastKnownFileType = sourcecode.swift; path = UIView.swift; sourceTree = "<group>"; };
		1FDB9AC01F7714C5001DB054 /* Home.storyboard */ = {isa = PBXFileReference; lastKnownFileType = file.storyboard; path = Home.storyboard; sourceTree = "<group>"; };
		1FDB9AC61F77151F001DB054 /* Profile.storyboard */ = {isa = PBXFileReference; lastKnownFileType = file.storyboard; path = Profile.storyboard; sourceTree = "<group>"; };
		1FE01A201F77D530008C16FD /* HomeSortViewController.swift */ = {isa = PBXFileReference; lastKnownFileType = sourcecode.swift; path = HomeSortViewController.swift; sourceTree = "<group>"; };
		1FE365711F844A36001739B0 /* ShotCommentsViewController.swift */ = {isa = PBXFileReference; lastKnownFileType = sourcecode.swift; path = ShotCommentsViewController.swift; sourceTree = "<group>"; };
		1FEC4CC61F9546A9004F221E /* RohanTests.swift */ = {isa = PBXFileReference; lastKnownFileType = sourcecode.swift; path = RohanTests.swift; sourceTree = "<group>"; };
		1FEC4CC81F9546A9004F221E /* Info.plist */ = {isa = PBXFileReference; lastKnownFileType = text.plist.xml; path = Info.plist; sourceTree = "<group>"; };
		1FEC4CD01F95474A004F221E /* IGListKit.xcodeproj */ = {isa = PBXFileReference; lastKnownFileType = "wrapper.pb-project"; name = IGListKit.xcodeproj; path = IGListKit/IGListKit.xcodeproj; sourceTree = "<group>"; };
		1FFE66411FB2658600C44914 /* SettingsViewController.swift */ = {isa = PBXFileReference; lastKnownFileType = sourcecode.swift; path = SettingsViewController.swift; sourceTree = "<group>"; };
		1FFE6E371FB38A13004FB8EE /* WhiteIcon@2x.png */ = {isa = PBXFileReference; lastKnownFileType = image.png; path = "WhiteIcon@2x.png"; sourceTree = "<group>"; };
		1FFE6E381FB38A13004FB8EE /* PinkIcon@2x.png */ = {isa = PBXFileReference; lastKnownFileType = image.png; path = "PinkIcon@2x.png"; sourceTree = "<group>"; };
		1FFE6E391FB38A13004FB8EE /* PinkIcon@3x.png */ = {isa = PBXFileReference; lastKnownFileType = image.png; path = "PinkIcon@3x.png"; sourceTree = "<group>"; };
		1FFE6E3A1FB38A13004FB8EE /* WhiteIcon.png */ = {isa = PBXFileReference; lastKnownFileType = image.png; path = WhiteIcon.png; sourceTree = "<group>"; };
		1FFE6E3B1FB38A13004FB8EE /* WhiteIcon@3x.png */ = {isa = PBXFileReference; lastKnownFileType = image.png; path = "WhiteIcon@3x.png"; sourceTree = "<group>"; };
		1FFE6E3C1FB38A13004FB8EE /* PinkIcon.png */ = {isa = PBXFileReference; lastKnownFileType = image.png; path = PinkIcon.png; sourceTree = "<group>"; };
		1FFFD4A51F82E83700E1975F /* DateTools.bundle */ = {isa = PBXFileReference; lastKnownFileType = "wrapper.plug-in"; path = DateTools.bundle; sourceTree = "<group>"; };
		1FFFD4A61F82E83700E1975F /* Constants.swift */ = {isa = PBXFileReference; lastKnownFileType = sourcecode.swift; path = Constants.swift; sourceTree = "<group>"; };
		1FFFD4A71F82E83700E1975F /* Date+Format.swift */ = {isa = PBXFileReference; lastKnownFileType = sourcecode.swift; path = "Date+Format.swift"; sourceTree = "<group>"; };
		1FFFD4A81F82E83700E1975F /* Date+Manipulations.swift */ = {isa = PBXFileReference; lastKnownFileType = sourcecode.swift; path = "Date+Manipulations.swift"; sourceTree = "<group>"; };
		1FFFD4A91F82E83700E1975F /* TimePeriod.swift */ = {isa = PBXFileReference; lastKnownFileType = sourcecode.swift; path = TimePeriod.swift; sourceTree = "<group>"; };
		1FFFD4AA1F82E83700E1975F /* Date+Components.swift */ = {isa = PBXFileReference; lastKnownFileType = sourcecode.swift; path = "Date+Components.swift"; sourceTree = "<group>"; };
		1FFFD4AB1F82E83700E1975F /* TimePeriodGroup.swift */ = {isa = PBXFileReference; lastKnownFileType = sourcecode.swift; path = TimePeriodGroup.swift; sourceTree = "<group>"; };
		1FFFD4AC1F82E83700E1975F /* Enums.swift */ = {isa = PBXFileReference; lastKnownFileType = sourcecode.swift; path = Enums.swift; sourceTree = "<group>"; };
		1FFFD4AD1F82E83700E1975F /* TimeChunk.swift */ = {isa = PBXFileReference; lastKnownFileType = sourcecode.swift; path = TimeChunk.swift; sourceTree = "<group>"; };
		1FFFD4AE1F82E83700E1975F /* TimePeriodChain.swift */ = {isa = PBXFileReference; lastKnownFileType = sourcecode.swift; path = TimePeriodChain.swift; sourceTree = "<group>"; };
		1FFFD4AF1F82E83700E1975F /* Date+Comparators.swift */ = {isa = PBXFileReference; lastKnownFileType = sourcecode.swift; path = "Date+Comparators.swift"; sourceTree = "<group>"; };
		1FFFD4B01F82E83700E1975F /* Date+Inits.swift */ = {isa = PBXFileReference; lastKnownFileType = sourcecode.swift; path = "Date+Inits.swift"; sourceTree = "<group>"; };
		1FFFD4B11F82E83700E1975F /* Date+TimeAgo.swift */ = {isa = PBXFileReference; lastKnownFileType = sourcecode.swift; path = "Date+TimeAgo.swift"; sourceTree = "<group>"; };
		1FFFD4B21F82E83700E1975F /* Integer+DateTools.swift */ = {isa = PBXFileReference; lastKnownFileType = sourcecode.swift; path = "Integer+DateTools.swift"; sourceTree = "<group>"; };
		1FFFD4B31F82E83700E1975F /* Date+Bundle.swift */ = {isa = PBXFileReference; lastKnownFileType = sourcecode.swift; path = "Date+Bundle.swift"; sourceTree = "<group>"; };
		1FFFD4B41F82E83700E1975F /* TimePeriodCollection.swift */ = {isa = PBXFileReference; lastKnownFileType = sourcecode.swift; path = TimePeriodCollection.swift; sourceTree = "<group>"; };
/* End PBXFileReference section */

/* Begin PBXFrameworksBuildPhase section */
		1F939F411F7306A100C03386 /* Frameworks */ = {
			isa = PBXFrameworksBuildPhase;
			buildActionMask = 2147483647;
			files = (
				1F0BCF8D1F8035DB00872D52 /* NukeGifuPlugin.framework in Frameworks */,
				1F7FA6401F805A37003FFBB6 /* SwiftRichString.framework in Frameworks */,
				1F7FA6281F8043E8003FFBB6 /* Preheat.framework in Frameworks */,
				1F46EEE01F819DEB003F22C5 /* SnapKit.framework in Frameworks */,
				1F0BCF911F8035DB00872D52 /* Gifu.framework in Frameworks */,
				1F939F8F1F73073400C03386 /* NothingButNet.framework in Frameworks */,
				1FA08D171F8594A2004EB06D /* DeckTransition.framework in Frameworks */,
				1F0BCF891F8035DB00872D52 /* Nuke.framework in Frameworks */,
			);
			runOnlyForDeploymentPostprocessing = 0;
		};
		1F939F551F7306A100C03386 /* Frameworks */ = {
			isa = PBXFrameworksBuildPhase;
			buildActionMask = 2147483647;
			files = (
			);
			runOnlyForDeploymentPostprocessing = 0;
		};
		1F939F761F73073400C03386 /* Frameworks */ = {
			isa = PBXFrameworksBuildPhase;
			buildActionMask = 2147483647;
			files = (
			);
			runOnlyForDeploymentPostprocessing = 0;
		};
		1F939F7F1F73073400C03386 /* Frameworks */ = {
			isa = PBXFrameworksBuildPhase;
			buildActionMask = 2147483647;
			files = (
				1F939F831F73073400C03386 /* NothingButNet.framework in Frameworks */,
			);
			runOnlyForDeploymentPostprocessing = 0;
		};
/* End PBXFrameworksBuildPhase section */

/* Begin PBXGroup section */
		1F0BCF5D1F80357F00872D52 /* Products */ = {
			isa = PBXGroup;
			children = (
				1F0BCF621F80357F00872D52 /* Gifu.framework */,
				1F0BCF641F80357F00872D52 /* GifuTests.xctest */,
			);
			name = Products;
			sourceTree = "<group>";
		};
		1F0BCF661F80359F00872D52 /* Products */ = {
			isa = PBXGroup;
			children = (
				1F0BCF721F80359F00872D52 /* Nuke.framework */,
				1F0BCF741F80359F00872D52 /* Nuke.framework */,
				1F0BCF761F80359F00872D52 /* Nuke.framework */,
				1F0BCF781F80359F00872D52 /* Nuke.framework */,
				1F0BCF7A1F80359F00872D52 /* Nuke iOS Tests.xctest */,
				1F0BCF7C1F80359F00872D52 /* Nuke macOS Tests.xctest */,
				1F0BCF7E1F80359F00872D52 /* Nuke tvOS Tests.xctest */,
				1F0BCF801F80359F00872D52 /* Nuke iOS Tests Host.app */,
				1F0BCF821F80359F00872D52 /* Nuke iOS Performance Tests.xctest */,
			);
			name = Products;
			sourceTree = "<group>";
		};
		1F0BCF841F8035C300872D52 /* Products */ = {
			isa = PBXGroup;
			children = (
				1F0BCF881F8035C300872D52 /* NukeGifuPlugin.framework */,
			);
			name = Products;
			sourceTree = "<group>";
		};
		1F46EED81F819D8D003F22C5 /* Products */ = {
			isa = PBXGroup;
			children = (
				1F46EEDD1F819D8D003F22C5 /* SnapKit.framework */,
				1F46EEDF1F819D8D003F22C5 /* SnapKit Tests.xctest */,
			);
			name = Products;
			sourceTree = "<group>";
		};
		1F7FA6171F8043D0003FFBB6 /* Products */ = {
			isa = PBXGroup;
			children = (
				1F7FA6251F8043D0003FFBB6 /* Preheat.framework */,
				1F7FA6271F8043D0003FFBB6 /* Preheat.framework */,
			);
			name = Products;
			sourceTree = "<group>";
		};
		1F7FA62F1F805A2A003FFBB6 /* Products */ = {
			isa = PBXGroup;
			children = (
				1F7FA6371F805A2A003FFBB6 /* SwiftRichString.framework */,
				1F7FA6391F805A2A003FFBB6 /* SwiftRichString.framework */,
				1F7FA63B1F805A2A003FFBB6 /* SwiftRichString.framework */,
				1F7FA63D1F805A2A003FFBB6 /* SwiftRichString.framework */,
				1F7FA63F1F805A2A003FFBB6 /* DemoApp.app */,
			);
			name = Products;
			sourceTree = "<group>";
		};
		1F939F3B1F7306A100C03386 = {
			isa = PBXGroup;
			children = (
				1FEC4CD01F95474A004F221E /* IGListKit.xcodeproj */,
				1FA08D0E1F859498004EB06D /* DeckTransition.xcodeproj */,
				1F46EED71F819D8D003F22C5 /* SnapKit.xcodeproj */,
				1F7FA62E1F805A2A003FFBB6 /* SwiftRichString.xcodeproj */,
				1F7FA6161F8043D0003FFBB6 /* Preheat.xcodeproj */,
				1F0BCF651F80359F00872D52 /* Nuke.xcodeproj */,
				1F0BCF831F8035C300872D52 /* Nuke-Gifu-Plugin.xcodeproj */,
				1F0BCF5C1F80357F00872D52 /* Gifu.xcodeproj */,
				1F939F461F7306A100C03386 /* Hooops */,
				1F939F5B1F7306A100C03386 /* HooopsTests */,
				1F939F7B1F73073400C03386 /* NothingButNet */,
				1F939F881F73073400C03386 /* NothingButNetTests */,
				1FEC4CC51F9546A9004F221E /* RohanTests */,
				1F939F451F7306A100C03386 /* Products */,
				1FEC4CE51F95476F004F221E /* Frameworks */,
			);
			sourceTree = "<group>";
		};
		1F939F451F7306A100C03386 /* Products */ = {
			isa = PBXGroup;
			children = (
				1F939F441F7306A100C03386 /* Hooops.app */,
				1F939F581F7306A100C03386 /* HooopsTests.xctest */,
				1F939F7A1F73073400C03386 /* NothingButNet.framework */,
				1F939F821F73073400C03386 /* NothingButNetTests.xctest */,
			);
			name = Products;
			sourceTree = "<group>";
		};
		1F939F461F7306A100C03386 /* Hooops */ = {
			isa = PBXGroup;
			children = (
				1FFE6E1C1FB38A02004FB8EE /* AlternateIcons */,
				1FFFD4A41F82E83700E1975F /* DateTools */,
				1F0BCF4E1F7FCCB100872D52 /* Hooops.entitlements */,
				1F939F4E1F7306A100C03386 /* Assets.xcassets */,
				1F939F471F7306A100C03386 /* AppDelegate.swift */,
				1FDB9ABD1F771318001DB054 /* Core */,
				1FFE66401FB2651E00C44914 /* Settings */,
				1F939FA81F7322DE00C03386 /* Extensions */,
				1FDB9AC81F771544001DB054 /* Home */,
				1FDB9ACB1F77155A001DB054 /* Profile */,
				1F939F531F7306A100C03386 /* Info.plist */,
				1F939F501F7306A100C03386 /* LaunchScreen.storyboard */,
				1F939F4B1F7306A100C03386 /* Main.storyboard */,
			);
			path = Hooops;
			sourceTree = "<group>";
		};
		1F939F5B1F7306A100C03386 /* HooopsTests */ = {
			isa = PBXGroup;
			children = (
				1F939F5C1F7306A100C03386 /* HooopsTests.swift */,
				1F939F5E1F7306A100C03386 /* Info.plist */,
			);
			path = HooopsTests;
			sourceTree = "<group>";
		};
		1F939F7B1F73073400C03386 /* NothingButNet */ = {
			isa = PBXGroup;
			children = (
				1F939F991F73074E00C03386 /* Core */,
				1F939F981F73074100C03386 /* Models */,
				1F939F7C1F73073400C03386 /* NothingButNet.h */,
				1F939F7D1F73073400C03386 /* Info.plist */,
			);
			path = NothingButNet;
			sourceTree = "<group>";
		};
		1F939F881F73073400C03386 /* NothingButNetTests */ = {
			isa = PBXGroup;
			children = (
				1F939F891F73073400C03386 /* UserTests.swift */,
				1F939F8B1F73073400C03386 /* Info.plist */,
			);
			path = NothingButNetTests;
			sourceTree = "<group>";
		};
		1F939F981F73074100C03386 /* Models */ = {
			isa = PBXGroup;
			children = (
				1F939F9D1F73111200C03386 /* User.swift */,
				1F939F9F1F7316BF00C03386 /* Shot.swift */,
				1F939FA11F731B5900C03386 /* Team.swift */,
				1F939FA31F731CD100C03386 /* Images.swift */,
				1F939FA51F731CE500C03386 /* Links.swift */,
				1F0BCF581F7FECAB00872D52 /* Comment.swift */,
			);
			path = Models;
			sourceTree = "<group>";
		};
		1F939F991F73074E00C03386 /* Core */ = {
			isa = PBXGroup;
			children = (
				1F939F9A1F73075F00C03386 /* NothingBut.swift */,
				1F7FA62C1F80480E003FFBB6 /* HTTPLogger.swift */,
			);
			path = Core;
			sourceTree = "<group>";
		};
		1F939FA81F7322DE00C03386 /* Extensions */ = {
			isa = PBXGroup;
			children = (
				1F939FA91F7322EC00C03386 /* UIFont.swift */,
				1FA012501F75A7C100EB4927 /* UIColor.swift */,
				1F2843751F7696000083E6AD /* UICollectionViewCell.swift */,
				1FDB9ABB1F770FC7001DB054 /* UIView.swift */,
				1F161B351F773587003631C2 /* Nibloadable.swift */,
				1FB78EC61F7814E90039BE04 /* UIImage.swift */,
				1FB78ED31F78645A0039BE04 /* Localization.swift */,
				1FB78ED61F786F6A0039BE04 /* UIImage+Gif.swift */,
				1F0BCF541F7FD68E00872D52 /* TextSize.swift */,
				1F46EED51F813766003F22C5 /* NSAttributedString.swift */,
			);
			path = Extensions;
			sourceTree = "<group>";
		};
		1FA08D0F1F859498004EB06D /* Products */ = {
			isa = PBXGroup;
			children = (
				1FA08D141F859498004EB06D /* DeckTransition.framework */,
				1FA08D161F859498004EB06D /* DeckTransitionTests.xctest */,
			);
			name = Products;
			sourceTree = "<group>";
		};
		1FB78ECB1F7847110039BE04 /* Detail */ = {
			isa = PBXGroup;
			children = (
				1FB78ECC1F7847280039BE04 /* ShotDetailViewController.swift */,
				1FB78ECE1F78514C0039BE04 /* ShotDetailImageCell.swift */,
				1FB78ED11F7857EF0039BE04 /* ShotDetailStatsCell.swift */,
				1F06C3A41F7ADB010071B421 /* ShotDetailTextCellCollectionViewCell.swift */,
				1F06C3A51F7ADB010071B421 /* ShotDetailTextCellCollectionViewCell.xib */,
				1F0BCF511F7FCEF600872D52 /* ShotDetailTagsCell.swift */,
				1F46EED11F80DFA9003F22C5 /* ShotDetailCommentCell.swift */,
				1F46EED21F80DFA9003F22C5 /* ShotDetailCommentCell.xib */,
				1FE365711F844A36001739B0 /* ShotCommentsViewController.swift */,
			);
			path = Detail;
			sourceTree = "<group>";
		};
		1FDB9ABD1F771318001DB054 /* Core */ = {
			isa = PBXGroup;
			children = (
				1FB78EC91F78356F0039BE04 /* ProfileImageView.swift */,
			);
			path = Core;
			sourceTree = "<group>";
		};
		1FDB9AC81F771544001DB054 /* Home */ = {
			isa = PBXGroup;
			children = (
				1FB78ECB1F7847110039BE04 /* Detail */,
				1FDB9AC01F7714C5001DB054 /* Home.storyboard */,
				1F161B2A1F7715DE003631C2 /* HomeViewController.swift */,
				1F161B2E1F77186F003631C2 /* HomeShotListCell.swift */,
				1F161B301F772E15003631C2 /* HomeShotListCellDetailsContainerView.xib */,
				1F161B321F773422003631C2 /* HomeShotListCellDetailsContainerView.swift */,
				1FE01A201F77D530008C16FD /* HomeSortViewController.swift */,
				1F1022DF1FB0F89900118DF5 /* HomeTimeframeViewController.swift */,
				1F1022FD1FB0FCC200118DF5 /* HomeListTypeViewController.swift */,
				1FADB41E1F7DB5D00006343D /* HomeViewGridLayout.swift */,
				1FADB41D1F7DB5D00006343D /* HomeViewListLayout.swift */,
				1F1022FB1FB0F91D00118DF5 /* HomeFilterCell.swift */,
			);
			path = Home;
			sourceTree = "<group>";
		};
		1FDB9ACB1F77155A001DB054 /* Profile */ = {
			isa = PBXGroup;
			children = (
				1FDB9AC61F77151F001DB054 /* Profile.storyboard */,
				1F0BCF4F1F7FCD8400872D52 /* ProfileViewController.swift */,
			);
			path = Profile;
			sourceTree = "<group>";
		};
		1FEC4CC51F9546A9004F221E /* RohanTests */ = {
			isa = PBXGroup;
			children = (
				1FEC4CC61F9546A9004F221E /* RohanTests.swift */,
				1FEC4CC81F9546A9004F221E /* Info.plist */,
			);
			path = RohanTests;
			sourceTree = "<group>";
		};
		1FEC4CD11F95474A004F221E /* Products */ = {
			isa = PBXGroup;
			children = (
				1FEC4CDA1F95474A004F221E /* IGListKit.framework */,
				1FEC4CDC1F95474A004F221E /* IGListKitTests.xctest */,
				1FEC4CDE1F95474A004F221E /* IGListKit.framework */,
				1FEC4CE01F95474A004F221E /* IGListKit-tvOSTests.xctest */,
				1FEC4CE21F95474A004F221E /* IGListKit.framework */,
				1FEC4CE41F95474A004F221E /* IGListKit-macOSTests.xctest */,
			);
			name = Products;
			sourceTree = "<group>";
		};
		1FEC4CE51F95476F004F221E /* Frameworks */ = {
			isa = PBXGroup;
			children = (
			);
			name = Frameworks;
			sourceTree = "<group>";
		};
		1FFE66401FB2651E00C44914 /* Settings */ = {
			isa = PBXGroup;
			children = (
				1FFE66411FB2658600C44914 /* SettingsViewController.swift */,
			);
			path = Settings;
			sourceTree = "<group>";
		};
		1FFE6E1C1FB38A02004FB8EE /* AlternateIcons */ = {
			isa = PBXGroup;
			children = (
				1FFE6E3C1FB38A13004FB8EE /* PinkIcon.png */,
				1FFE6E381FB38A13004FB8EE /* PinkIcon@2x.png */,
				1FFE6E391FB38A13004FB8EE /* PinkIcon@3x.png */,
				1FFE6E3A1FB38A13004FB8EE /* WhiteIcon.png */,
				1FFE6E371FB38A13004FB8EE /* WhiteIcon@2x.png */,
				1FFE6E3B1FB38A13004FB8EE /* WhiteIcon@3x.png */,
			);
			path = AlternateIcons;
			sourceTree = "<group>";
		};
		1FFFD4A41F82E83700E1975F /* DateTools */ = {
			isa = PBXGroup;
			children = (
				1FFFD4A51F82E83700E1975F /* DateTools.bundle */,
				1FFFD4A61F82E83700E1975F /* Constants.swift */,
				1FFFD4A71F82E83700E1975F /* Date+Format.swift */,
				1FFFD4A81F82E83700E1975F /* Date+Manipulations.swift */,
				1FFFD4A91F82E83700E1975F /* TimePeriod.swift */,
				1FFFD4AA1F82E83700E1975F /* Date+Components.swift */,
				1FFFD4AB1F82E83700E1975F /* TimePeriodGroup.swift */,
				1FFFD4AC1F82E83700E1975F /* Enums.swift */,
				1FFFD4AD1F82E83700E1975F /* TimeChunk.swift */,
				1FFFD4AE1F82E83700E1975F /* TimePeriodChain.swift */,
				1FFFD4AF1F82E83700E1975F /* Date+Comparators.swift */,
				1FFFD4B01F82E83700E1975F /* Date+Inits.swift */,
				1FFFD4B11F82E83700E1975F /* Date+TimeAgo.swift */,
				1FFFD4B21F82E83700E1975F /* Integer+DateTools.swift */,
				1FFFD4B31F82E83700E1975F /* Date+Bundle.swift */,
				1FFFD4B41F82E83700E1975F /* TimePeriodCollection.swift */,
			);
			name = DateTools;
			path = DateTools/DateToolsSwift/DateTools;
			sourceTree = SOURCE_ROOT;
		};
/* End PBXGroup section */

/* Begin PBXHeadersBuildPhase section */
		1F939F771F73073400C03386 /* Headers */ = {
			isa = PBXHeadersBuildPhase;
			buildActionMask = 2147483647;
			files = (
				1F939F8C1F73073400C03386 /* NothingButNet.h in Headers */,
			);
			runOnlyForDeploymentPostprocessing = 0;
		};
/* End PBXHeadersBuildPhase section */

/* Begin PBXNativeTarget section */
		1F939F431F7306A100C03386 /* Hooops */ = {
			isa = PBXNativeTarget;
			buildConfigurationList = 1F939F6C1F7306A100C03386 /* Build configuration list for PBXNativeTarget "Hooops" */;
			buildPhases = (
				1F939F401F7306A100C03386 /* Sources */,
				1F939F411F7306A100C03386 /* Frameworks */,
				1F939F421F7306A100C03386 /* Resources */,
				1F939F941F73073400C03386 /* Embed Frameworks */,
			);
			buildRules = (
			);
			dependencies = (
				1F939F8E1F73073400C03386 /* PBXTargetDependency */,
				1F0BCF8C1F8035DB00872D52 /* PBXTargetDependency */,
				1F0BCF901F8035DB00872D52 /* PBXTargetDependency */,
				1F0BCF941F8035DB00872D52 /* PBXTargetDependency */,
				1F7FA62B1F8043E8003FFBB6 /* PBXTargetDependency */,
				1F7FA6431F805A37003FFBB6 /* PBXTargetDependency */,
				1F46EEE31F819DEB003F22C5 /* PBXTargetDependency */,
				1FA08D1A1F8594A2004EB06D /* PBXTargetDependency */,
			);
			name = Hooops;
			productName = Bounce;
			productReference = 1F939F441F7306A100C03386 /* Hooops.app */;
			productType = "com.apple.product-type.application";
		};
		1F939F571F7306A100C03386 /* HooopsTests */ = {
			isa = PBXNativeTarget;
			buildConfigurationList = 1F939F6F1F7306A100C03386 /* Build configuration list for PBXNativeTarget "HooopsTests" */;
			buildPhases = (
				1F939F541F7306A100C03386 /* Sources */,
				1F939F551F7306A100C03386 /* Frameworks */,
				1F939F561F7306A100C03386 /* Resources */,
			);
			buildRules = (
			);
			dependencies = (
				1F939F5A1F7306A100C03386 /* PBXTargetDependency */,
			);
			name = HooopsTests;
			productName = BounceTests;
			productReference = 1F939F581F7306A100C03386 /* HooopsTests.xctest */;
			productType = "com.apple.product-type.bundle.unit-test";
		};
		1F939F791F73073400C03386 /* NothingButNet */ = {
			isa = PBXNativeTarget;
			buildConfigurationList = 1F939F911F73073400C03386 /* Build configuration list for PBXNativeTarget "NothingButNet" */;
			buildPhases = (
				1F939F751F73073400C03386 /* Sources */,
				1F939F761F73073400C03386 /* Frameworks */,
				1F939F771F73073400C03386 /* Headers */,
				1F939F781F73073400C03386 /* Resources */,
			);
			buildRules = (
			);
			dependencies = (
			);
			name = NothingButNet;
			productName = NothingButNet;
			productReference = 1F939F7A1F73073400C03386 /* NothingButNet.framework */;
			productType = "com.apple.product-type.framework";
		};
		1F939F811F73073400C03386 /* NothingButNetTests */ = {
			isa = PBXNativeTarget;
			buildConfigurationList = 1F939F951F73073400C03386 /* Build configuration list for PBXNativeTarget "NothingButNetTests" */;
			buildPhases = (
				1F939F7E1F73073400C03386 /* Sources */,
				1F939F7F1F73073400C03386 /* Frameworks */,
				1F939F801F73073400C03386 /* Resources */,
			);
			buildRules = (
			);
			dependencies = (
				1F939F851F73073400C03386 /* PBXTargetDependency */,
				1F939F871F73073400C03386 /* PBXTargetDependency */,
			);
			name = NothingButNetTests;
			productName = NothingButNetTests;
			productReference = 1F939F821F73073400C03386 /* NothingButNetTests.xctest */;
			productType = "com.apple.product-type.bundle.unit-test";
		};
/* End PBXNativeTarget section */

/* Begin PBXProject section */
		1F939F3C1F7306A100C03386 /* Project object */ = {
			isa = PBXProject;
			attributes = {
				LastSwiftUpdateCheck = 0900;
				LastUpgradeCheck = 0900;
				ORGANIZATIONNAME = Wilmar.me;
				TargetAttributes = {
					1F939F431F7306A100C03386 = {
						CreatedOnToolsVersion = 9.0;
						ProvisioningStyle = Automatic;
						SystemCapabilities = {
							com.apple.iCloud = {
								enabled = 1;
							};
						};
					};
					1F939F571F7306A100C03386 = {
						CreatedOnToolsVersion = 9.0;
						ProvisioningStyle = Automatic;
						TestTargetID = 1F939F431F7306A100C03386;
					};
					1F939F791F73073400C03386 = {
						CreatedOnToolsVersion = 9.0;
						LastSwiftMigration = 0900;
						ProvisioningStyle = Automatic;
					};
					1F939F811F73073400C03386 = {
						CreatedOnToolsVersion = 9.0;
						ProvisioningStyle = Automatic;
						TestTargetID = 1F939F431F7306A100C03386;
					};
				};
			};
			buildConfigurationList = 1F939F3F1F7306A100C03386 /* Build configuration list for PBXProject "Hooops" */;
			compatibilityVersion = "Xcode 8.0";
			developmentRegion = en;
			hasScannedForEncodings = 0;
			knownRegions = (
				en,
				Base,
			);
			mainGroup = 1F939F3B1F7306A100C03386;
			productRefGroup = 1F939F451F7306A100C03386 /* Products */;
			projectDirPath = "";
			projectReferences = (
				{
					ProductGroup = 1FA08D0F1F859498004EB06D /* Products */;
					ProjectRef = 1FA08D0E1F859498004EB06D /* DeckTransition.xcodeproj */;
				},
				{
					ProductGroup = 1F0BCF5D1F80357F00872D52 /* Products */;
					ProjectRef = 1F0BCF5C1F80357F00872D52 /* Gifu.xcodeproj */;
				},
				{
					ProductGroup = 1FEC4CD11F95474A004F221E /* Products */;
					ProjectRef = 1FEC4CD01F95474A004F221E /* IGListKit.xcodeproj */;
				},
				{
					ProductGroup = 1F0BCF841F8035C300872D52 /* Products */;
					ProjectRef = 1F0BCF831F8035C300872D52 /* Nuke-Gifu-Plugin.xcodeproj */;
				},
				{
					ProductGroup = 1F0BCF661F80359F00872D52 /* Products */;
					ProjectRef = 1F0BCF651F80359F00872D52 /* Nuke.xcodeproj */;
				},
				{
					ProductGroup = 1F7FA6171F8043D0003FFBB6 /* Products */;
					ProjectRef = 1F7FA6161F8043D0003FFBB6 /* Preheat.xcodeproj */;
				},
				{
					ProductGroup = 1F46EED81F819D8D003F22C5 /* Products */;
					ProjectRef = 1F46EED71F819D8D003F22C5 /* SnapKit.xcodeproj */;
				},
				{
					ProductGroup = 1F7FA62F1F805A2A003FFBB6 /* Products */;
					ProjectRef = 1F7FA62E1F805A2A003FFBB6 /* SwiftRichString.xcodeproj */;
				},
			);
			projectRoot = "";
			targets = (
				1F939F431F7306A100C03386 /* Hooops */,
				1F939F571F7306A100C03386 /* HooopsTests */,
				1F939F791F73073400C03386 /* NothingButNet */,
				1F939F811F73073400C03386 /* NothingButNetTests */,
			);
		};
/* End PBXProject section */

/* Begin PBXReferenceProxy section */
		1F0BCF621F80357F00872D52 /* Gifu.framework */ = {
			isa = PBXReferenceProxy;
			fileType = wrapper.framework;
			path = Gifu.framework;
			remoteRef = 1F0BCF611F80357F00872D52 /* PBXContainerItemProxy */;
			sourceTree = BUILT_PRODUCTS_DIR;
		};
		1F0BCF641F80357F00872D52 /* GifuTests.xctest */ = {
			isa = PBXReferenceProxy;
			fileType = wrapper.cfbundle;
			path = GifuTests.xctest;
			remoteRef = 1F0BCF631F80357F00872D52 /* PBXContainerItemProxy */;
			sourceTree = BUILT_PRODUCTS_DIR;
		};
		1F0BCF721F80359F00872D52 /* Nuke.framework */ = {
			isa = PBXReferenceProxy;
			fileType = wrapper.framework;
			path = Nuke.framework;
			remoteRef = 1F0BCF711F80359F00872D52 /* PBXContainerItemProxy */;
			sourceTree = BUILT_PRODUCTS_DIR;
		};
		1F0BCF741F80359F00872D52 /* Nuke.framework */ = {
			isa = PBXReferenceProxy;
			fileType = wrapper.framework;
			path = Nuke.framework;
			remoteRef = 1F0BCF731F80359F00872D52 /* PBXContainerItemProxy */;
			sourceTree = BUILT_PRODUCTS_DIR;
		};
		1F0BCF761F80359F00872D52 /* Nuke.framework */ = {
			isa = PBXReferenceProxy;
			fileType = wrapper.framework;
			path = Nuke.framework;
			remoteRef = 1F0BCF751F80359F00872D52 /* PBXContainerItemProxy */;
			sourceTree = BUILT_PRODUCTS_DIR;
		};
		1F0BCF781F80359F00872D52 /* Nuke.framework */ = {
			isa = PBXReferenceProxy;
			fileType = wrapper.framework;
			path = Nuke.framework;
			remoteRef = 1F0BCF771F80359F00872D52 /* PBXContainerItemProxy */;
			sourceTree = BUILT_PRODUCTS_DIR;
		};
		1F0BCF7A1F80359F00872D52 /* Nuke iOS Tests.xctest */ = {
			isa = PBXReferenceProxy;
			fileType = wrapper.cfbundle;
			path = "Nuke iOS Tests.xctest";
			remoteRef = 1F0BCF791F80359F00872D52 /* PBXContainerItemProxy */;
			sourceTree = BUILT_PRODUCTS_DIR;
		};
		1F0BCF7C1F80359F00872D52 /* Nuke macOS Tests.xctest */ = {
			isa = PBXReferenceProxy;
			fileType = wrapper.cfbundle;
			path = "Nuke macOS Tests.xctest";
			remoteRef = 1F0BCF7B1F80359F00872D52 /* PBXContainerItemProxy */;
			sourceTree = BUILT_PRODUCTS_DIR;
		};
		1F0BCF7E1F80359F00872D52 /* Nuke tvOS Tests.xctest */ = {
			isa = PBXReferenceProxy;
			fileType = wrapper.cfbundle;
			path = "Nuke tvOS Tests.xctest";
			remoteRef = 1F0BCF7D1F80359F00872D52 /* PBXContainerItemProxy */;
			sourceTree = BUILT_PRODUCTS_DIR;
		};
		1F0BCF801F80359F00872D52 /* Nuke iOS Tests Host.app */ = {
			isa = PBXReferenceProxy;
			fileType = wrapper.application;
			path = "Nuke iOS Tests Host.app";
			remoteRef = 1F0BCF7F1F80359F00872D52 /* PBXContainerItemProxy */;
			sourceTree = BUILT_PRODUCTS_DIR;
		};
		1F0BCF821F80359F00872D52 /* Nuke iOS Performance Tests.xctest */ = {
			isa = PBXReferenceProxy;
			fileType = wrapper.cfbundle;
			path = "Nuke iOS Performance Tests.xctest";
			remoteRef = 1F0BCF811F80359F00872D52 /* PBXContainerItemProxy */;
			sourceTree = BUILT_PRODUCTS_DIR;
		};
		1F0BCF881F8035C300872D52 /* NukeGifuPlugin.framework */ = {
			isa = PBXReferenceProxy;
			fileType = wrapper.framework;
			path = NukeGifuPlugin.framework;
			remoteRef = 1F0BCF871F8035C300872D52 /* PBXContainerItemProxy */;
			sourceTree = BUILT_PRODUCTS_DIR;
		};
		1F46EEDD1F819D8D003F22C5 /* SnapKit.framework */ = {
			isa = PBXReferenceProxy;
			fileType = wrapper.framework;
			path = SnapKit.framework;
			remoteRef = 1F46EEDC1F819D8D003F22C5 /* PBXContainerItemProxy */;
			sourceTree = BUILT_PRODUCTS_DIR;
		};
		1F46EEDF1F819D8D003F22C5 /* SnapKit Tests.xctest */ = {
			isa = PBXReferenceProxy;
			fileType = wrapper.cfbundle;
			path = "SnapKit Tests.xctest";
			remoteRef = 1F46EEDE1F819D8D003F22C5 /* PBXContainerItemProxy */;
			sourceTree = BUILT_PRODUCTS_DIR;
		};
		1F7FA6251F8043D0003FFBB6 /* Preheat.framework */ = {
			isa = PBXReferenceProxy;
			fileType = wrapper.framework;
			path = Preheat.framework;
			remoteRef = 1F7FA6241F8043D0003FFBB6 /* PBXContainerItemProxy */;
			sourceTree = BUILT_PRODUCTS_DIR;
		};
		1F7FA6271F8043D0003FFBB6 /* Preheat.framework */ = {
			isa = PBXReferenceProxy;
			fileType = wrapper.framework;
			path = Preheat.framework;
			remoteRef = 1F7FA6261F8043D0003FFBB6 /* PBXContainerItemProxy */;
			sourceTree = BUILT_PRODUCTS_DIR;
		};
		1F7FA6371F805A2A003FFBB6 /* SwiftRichString.framework */ = {
			isa = PBXReferenceProxy;
			fileType = wrapper.framework;
			path = SwiftRichString.framework;
			remoteRef = 1F7FA6361F805A2A003FFBB6 /* PBXContainerItemProxy */;
			sourceTree = BUILT_PRODUCTS_DIR;
		};
		1F7FA6391F805A2A003FFBB6 /* SwiftRichString.framework */ = {
			isa = PBXReferenceProxy;
			fileType = wrapper.framework;
			path = SwiftRichString.framework;
			remoteRef = 1F7FA6381F805A2A003FFBB6 /* PBXContainerItemProxy */;
			sourceTree = BUILT_PRODUCTS_DIR;
		};
		1F7FA63B1F805A2A003FFBB6 /* SwiftRichString.framework */ = {
			isa = PBXReferenceProxy;
			fileType = wrapper.framework;
			path = SwiftRichString.framework;
			remoteRef = 1F7FA63A1F805A2A003FFBB6 /* PBXContainerItemProxy */;
			sourceTree = BUILT_PRODUCTS_DIR;
		};
		1F7FA63D1F805A2A003FFBB6 /* SwiftRichString.framework */ = {
			isa = PBXReferenceProxy;
			fileType = wrapper.framework;
			path = SwiftRichString.framework;
			remoteRef = 1F7FA63C1F805A2A003FFBB6 /* PBXContainerItemProxy */;
			sourceTree = BUILT_PRODUCTS_DIR;
		};
		1F7FA63F1F805A2A003FFBB6 /* DemoApp.app */ = {
			isa = PBXReferenceProxy;
			fileType = wrapper.application;
			path = DemoApp.app;
			remoteRef = 1F7FA63E1F805A2A003FFBB6 /* PBXContainerItemProxy */;
			sourceTree = BUILT_PRODUCTS_DIR;
		};
		1FA08D141F859498004EB06D /* DeckTransition.framework */ = {
			isa = PBXReferenceProxy;
			fileType = wrapper.framework;
			path = DeckTransition.framework;
			remoteRef = 1FA08D131F859498004EB06D /* PBXContainerItemProxy */;
			sourceTree = BUILT_PRODUCTS_DIR;
		};
		1FA08D161F859498004EB06D /* DeckTransitionTests.xctest */ = {
			isa = PBXReferenceProxy;
			fileType = wrapper.cfbundle;
			path = DeckTransitionTests.xctest;
			remoteRef = 1FA08D151F859498004EB06D /* PBXContainerItemProxy */;
			sourceTree = BUILT_PRODUCTS_DIR;
		};
		1FEC4CDA1F95474A004F221E /* IGListKit.framework */ = {
			isa = PBXReferenceProxy;
			fileType = wrapper.framework;
			path = IGListKit.framework;
			remoteRef = 1FEC4CD91F95474A004F221E /* PBXContainerItemProxy */;
			sourceTree = BUILT_PRODUCTS_DIR;
		};
		1FEC4CDC1F95474A004F221E /* IGListKitTests.xctest */ = {
			isa = PBXReferenceProxy;
			fileType = wrapper.cfbundle;
			path = IGListKitTests.xctest;
			remoteRef = 1FEC4CDB1F95474A004F221E /* PBXContainerItemProxy */;
			sourceTree = BUILT_PRODUCTS_DIR;
		};
		1FEC4CDE1F95474A004F221E /* IGListKit.framework */ = {
			isa = PBXReferenceProxy;
			fileType = wrapper.framework;
			path = IGListKit.framework;
			remoteRef = 1FEC4CDD1F95474A004F221E /* PBXContainerItemProxy */;
			sourceTree = BUILT_PRODUCTS_DIR;
		};
		1FEC4CE01F95474A004F221E /* IGListKit-tvOSTests.xctest */ = {
			isa = PBXReferenceProxy;
			fileType = wrapper.cfbundle;
			path = "IGListKit-tvOSTests.xctest";
			remoteRef = 1FEC4CDF1F95474A004F221E /* PBXContainerItemProxy */;
			sourceTree = BUILT_PRODUCTS_DIR;
		};
		1FEC4CE21F95474A004F221E /* IGListKit.framework */ = {
			isa = PBXReferenceProxy;
			fileType = wrapper.framework;
			path = IGListKit.framework;
			remoteRef = 1FEC4CE11F95474A004F221E /* PBXContainerItemProxy */;
			sourceTree = BUILT_PRODUCTS_DIR;
		};
		1FEC4CE41F95474A004F221E /* IGListKit-macOSTests.xctest */ = {
			isa = PBXReferenceProxy;
			fileType = wrapper.cfbundle;
			path = "IGListKit-macOSTests.xctest";
			remoteRef = 1FEC4CE31F95474A004F221E /* PBXContainerItemProxy */;
			sourceTree = BUILT_PRODUCTS_DIR;
		};
/* End PBXReferenceProxy section */

/* Begin PBXResourcesBuildPhase section */
		1F939F421F7306A100C03386 /* Resources */ = {
			isa = PBXResourcesBuildPhase;
			buildActionMask = 2147483647;
			files = (
				1F46EED41F80DFA9003F22C5 /* ShotDetailCommentCell.xib in Resources */,
				1FFE6E421FB38A13004FB8EE /* PinkIcon.png in Resources */,
				1FFE6E3D1FB38A13004FB8EE /* WhiteIcon@2x.png in Resources */,
				1F939F521F7306A100C03386 /* LaunchScreen.storyboard in Resources */,
				1F939F4F1F7306A100C03386 /* Assets.xcassets in Resources */,
				1F939F4D1F7306A100C03386 /* Main.storyboard in Resources */,
				1FDB9AC71F77151F001DB054 /* Profile.storyboard in Resources */,
				1FFE6E411FB38A13004FB8EE /* WhiteIcon@3x.png in Resources */,
				1F06C3A71F7ADB010071B421 /* ShotDetailTextCellCollectionViewCell.xib in Resources */,
				1FFE6E3E1FB38A13004FB8EE /* PinkIcon@2x.png in Resources */,
				1FFE6E401FB38A13004FB8EE /* WhiteIcon.png in Resources */,
				1FFE6E3F1FB38A13004FB8EE /* PinkIcon@3x.png in Resources */,
				1F161B311F772E15003631C2 /* HomeShotListCellDetailsContainerView.xib in Resources */,
				1F54723C1F82EA2000207949 /* DateTools.bundle in Resources */,
				1FDB9AC11F7714C5001DB054 /* Home.storyboard in Resources */,
			);
			runOnlyForDeploymentPostprocessing = 0;
		};
		1F939F561F7306A100C03386 /* Resources */ = {
			isa = PBXResourcesBuildPhase;
			buildActionMask = 2147483647;
			files = (
			);
			runOnlyForDeploymentPostprocessing = 0;
		};
		1F939F781F73073400C03386 /* Resources */ = {
			isa = PBXResourcesBuildPhase;
			buildActionMask = 2147483647;
			files = (
			);
			runOnlyForDeploymentPostprocessing = 0;
		};
		1F939F801F73073400C03386 /* Resources */ = {
			isa = PBXResourcesBuildPhase;
			buildActionMask = 2147483647;
			files = (
			);
			runOnlyForDeploymentPostprocessing = 0;
		};
/* End PBXResourcesBuildPhase section */

/* Begin PBXSourcesBuildPhase section */
		1F939F401F7306A100C03386 /* Sources */ = {
			isa = PBXSourcesBuildPhase;
			buildActionMask = 2147483647;
			files = (
				1FB78ED71F786F6A0039BE04 /* UIImage+Gif.swift in Sources */,
				1F06C3A61F7ADB010071B421 /* ShotDetailTextCellCollectionViewCell.swift in Sources */,
				1FA012511F75A7C100EB4927 /* UIColor.swift in Sources */,
				1F54721E1F82EA1C00207949 /* Constants.swift in Sources */,
				1F5472251F82EA1C00207949 /* TimeChunk.swift in Sources */,
				1F54721F1F82EA1C00207949 /* Date+Format.swift in Sources */,
				1FB78ED21F7857EF0039BE04 /* ShotDetailStatsCell.swift in Sources */,
				1F161B2F1F77186F003631C2 /* HomeShotListCell.swift in Sources */,
				1F46EED61F813766003F22C5 /* NSAttributedString.swift in Sources */,
				1F5472271F82EA1C00207949 /* Date+Comparators.swift in Sources */,
				1F2843761F7696000083E6AD /* UICollectionViewCell.swift in Sources */,
				1F939F481F7306A100C03386 /* AppDelegate.swift in Sources */,
				1F54722A1F82EA1C00207949 /* Integer+DateTools.swift in Sources */,
				1FB78ED41F78645A0039BE04 /* Localization.swift in Sources */,
				1F1022FC1FB0F91D00118DF5 /* HomeFilterCell.swift in Sources */,
				1F5472231F82EA1C00207949 /* TimePeriodGroup.swift in Sources */,
				1F5472261F82EA1C00207949 /* TimePeriodChain.swift in Sources */,
				1FB78ECF1F78514C0039BE04 /* ShotDetailImageCell.swift in Sources */,
				1FADB41F1F7DB5D10006343D /* HomeViewListLayout.swift in Sources */,
				1F1022FE1FB0FCC200118DF5 /* HomeListTypeViewController.swift in Sources */,
				1F161B361F773587003631C2 /* Nibloadable.swift in Sources */,
				1FDB9ABC1F770FC7001DB054 /* UIView.swift in Sources */,
				1FE365721F844A36001739B0 /* ShotCommentsViewController.swift in Sources */,
				1FB78ECA1F78356F0039BE04 /* ProfileImageView.swift in Sources */,
				1FFE66421FB2658600C44914 /* SettingsViewController.swift in Sources */,
				1F46EED31F80DFA9003F22C5 /* ShotDetailCommentCell.swift in Sources */,
				1F54722C1F82EA1C00207949 /* TimePeriodCollection.swift in Sources */,
				1F0BCF501F7FCD8400872D52 /* ProfileViewController.swift in Sources */,
				1F54722B1F82EA1C00207949 /* Date+Bundle.swift in Sources */,
				1F5472221F82EA1C00207949 /* Date+Components.swift in Sources */,
				1F0BCF551F7FD68E00872D52 /* TextSize.swift in Sources */,
				1F1022FA1FB0F89900118DF5 /* HomeTimeframeViewController.swift in Sources */,
				1F161B2B1F7715DE003631C2 /* HomeViewController.swift in Sources */,
				1F939FAA1F7322EC00C03386 /* UIFont.swift in Sources */,
				1F0BCF521F7FCEF600872D52 /* ShotDetailTagsCell.swift in Sources */,
				1FADB4201F7DB5D10006343D /* HomeViewGridLayout.swift in Sources */,
				1F161B331F773422003631C2 /* HomeShotListCellDetailsContainerView.swift in Sources */,
				1F5472281F82EA1C00207949 /* Date+Inits.swift in Sources */,
				1F5472201F82EA1C00207949 /* Date+Manipulations.swift in Sources */,
				1FB78EC71F7814E90039BE04 /* UIImage.swift in Sources */,
				1FE01A211F77D530008C16FD /* HomeSortViewController.swift in Sources */,
				1F5472211F82EA1C00207949 /* TimePeriod.swift in Sources */,
				1F5472291F82EA1C00207949 /* Date+TimeAgo.swift in Sources */,
				1F5472241F82EA1C00207949 /* Enums.swift in Sources */,
				1FB78ECD1F7847280039BE04 /* ShotDetailViewController.swift in Sources */,
			);
			runOnlyForDeploymentPostprocessing = 0;
		};
		1F939F541F7306A100C03386 /* Sources */ = {
			isa = PBXSourcesBuildPhase;
			buildActionMask = 2147483647;
			files = (
				1F939F5D1F7306A100C03386 /* HooopsTests.swift in Sources */,
			);
			runOnlyForDeploymentPostprocessing = 0;
		};
		1F939F751F73073400C03386 /* Sources */ = {
			isa = PBXSourcesBuildPhase;
			buildActionMask = 2147483647;
			files = (
				1F939FA21F731B5900C03386 /* Team.swift in Sources */,
				1F939FA61F731CE500C03386 /* Links.swift in Sources */,
				1FB78ED81F786FB10039BE04 /* UIImage+Gif.swift in Sources */,
				1F0BCF591F7FECAB00872D52 /* Comment.swift in Sources */,
				1F7FA62D1F80480E003FFBB6 /* HTTPLogger.swift in Sources */,
				1F939F9E1F73111200C03386 /* User.swift in Sources */,
				1F939FA41F731CD100C03386 /* Images.swift in Sources */,
				1F939FA01F7316BF00C03386 /* Shot.swift in Sources */,
				1F939F9B1F73075F00C03386 /* NothingBut.swift in Sources */,
			);
			runOnlyForDeploymentPostprocessing = 0;
		};
		1F939F7E1F73073400C03386 /* Sources */ = {
			isa = PBXSourcesBuildPhase;
			buildActionMask = 2147483647;
			files = (
				1F939F8A1F73073400C03386 /* UserTests.swift in Sources */,
			);
			runOnlyForDeploymentPostprocessing = 0;
		};
/* End PBXSourcesBuildPhase section */

/* Begin PBXTargetDependency section */
		1F0BCF8C1F8035DB00872D52 /* PBXTargetDependency */ = {
			isa = PBXTargetDependency;
			name = "Nuke iOS";
			targetProxy = 1F0BCF8B1F8035DB00872D52 /* PBXContainerItemProxy */;
		};
		1F0BCF901F8035DB00872D52 /* PBXTargetDependency */ = {
			isa = PBXTargetDependency;
			name = "Nuke iOS Gifu Plugin";
			targetProxy = 1F0BCF8F1F8035DB00872D52 /* PBXContainerItemProxy */;
		};
		1F0BCF941F8035DB00872D52 /* PBXTargetDependency */ = {
			isa = PBXTargetDependency;
			name = Gifu;
			targetProxy = 1F0BCF931F8035DB00872D52 /* PBXContainerItemProxy */;
		};
		1F46EEE31F819DEB003F22C5 /* PBXTargetDependency */ = {
			isa = PBXTargetDependency;
			name = SnapKit;
			targetProxy = 1F46EEE21F819DEB003F22C5 /* PBXContainerItemProxy */;
		};
		1F7FA62B1F8043E8003FFBB6 /* PBXTargetDependency */ = {
			isa = PBXTargetDependency;
			name = "Preheat iOS";
			targetProxy = 1F7FA62A1F8043E8003FFBB6 /* PBXContainerItemProxy */;
		};
		1F7FA6431F805A37003FFBB6 /* PBXTargetDependency */ = {
			isa = PBXTargetDependency;
			name = "SwiftRichString-iOS";
			targetProxy = 1F7FA6421F805A37003FFBB6 /* PBXContainerItemProxy */;
		};
		1F939F5A1F7306A100C03386 /* PBXTargetDependency */ = {
			isa = PBXTargetDependency;
			target = 1F939F431F7306A100C03386 /* Hooops */;
			targetProxy = 1F939F591F7306A100C03386 /* PBXContainerItemProxy */;
		};
		1F939F851F73073400C03386 /* PBXTargetDependency */ = {
			isa = PBXTargetDependency;
			target = 1F939F791F73073400C03386 /* NothingButNet */;
			targetProxy = 1F939F841F73073400C03386 /* PBXContainerItemProxy */;
		};
		1F939F871F73073400C03386 /* PBXTargetDependency */ = {
			isa = PBXTargetDependency;
			target = 1F939F431F7306A100C03386 /* Hooops */;
			targetProxy = 1F939F861F73073400C03386 /* PBXContainerItemProxy */;
		};
		1F939F8E1F73073400C03386 /* PBXTargetDependency */ = {
			isa = PBXTargetDependency;
			target = 1F939F791F73073400C03386 /* NothingButNet */;
			targetProxy = 1F939F8D1F73073400C03386 /* PBXContainerItemProxy */;
		};
		1FA08D1A1F8594A2004EB06D /* PBXTargetDependency */ = {
			isa = PBXTargetDependency;
			name = DeckTransition;
			targetProxy = 1FA08D191F8594A2004EB06D /* PBXContainerItemProxy */;
		};
/* End PBXTargetDependency section */

/* Begin PBXVariantGroup section */
		1F939F4B1F7306A100C03386 /* Main.storyboard */ = {
			isa = PBXVariantGroup;
			children = (
				1F939F4C1F7306A100C03386 /* Base */,
			);
			name = Main.storyboard;
			sourceTree = "<group>";
		};
		1F939F501F7306A100C03386 /* LaunchScreen.storyboard */ = {
			isa = PBXVariantGroup;
			children = (
				1F939F511F7306A100C03386 /* Base */,
			);
			name = LaunchScreen.storyboard;
			sourceTree = "<group>";
		};
/* End PBXVariantGroup section */

/* Begin XCBuildConfiguration section */
		1F939F6A1F7306A100C03386 /* Debug */ = {
			isa = XCBuildConfiguration;
			buildSettings = {
				ALWAYS_SEARCH_USER_PATHS = NO;
				CLANG_ANALYZER_NONNULL = YES;
				CLANG_ANALYZER_NUMBER_OBJECT_CONVERSION = YES_AGGRESSIVE;
				CLANG_CXX_LANGUAGE_STANDARD = "gnu++14";
				CLANG_CXX_LIBRARY = "libc++";
				CLANG_ENABLE_MODULES = YES;
				CLANG_ENABLE_OBJC_ARC = YES;
				CLANG_WARN_BLOCK_CAPTURE_AUTORELEASING = YES;
				CLANG_WARN_BOOL_CONVERSION = YES;
				CLANG_WARN_COMMA = YES;
				CLANG_WARN_CONSTANT_CONVERSION = YES;
				CLANG_WARN_DIRECT_OBJC_ISA_USAGE = YES_ERROR;
				CLANG_WARN_DOCUMENTATION_COMMENTS = YES;
				CLANG_WARN_EMPTY_BODY = YES;
				CLANG_WARN_ENUM_CONVERSION = YES;
				CLANG_WARN_INFINITE_RECURSION = YES;
				CLANG_WARN_INT_CONVERSION = YES;
				CLANG_WARN_NON_LITERAL_NULL_CONVERSION = YES;
				CLANG_WARN_OBJC_LITERAL_CONVERSION = YES;
				CLANG_WARN_OBJC_ROOT_CLASS = YES_ERROR;
				CLANG_WARN_RANGE_LOOP_ANALYSIS = YES;
				CLANG_WARN_STRICT_PROTOTYPES = YES;
				CLANG_WARN_SUSPICIOUS_MOVE = YES;
				CLANG_WARN_UNGUARDED_AVAILABILITY = YES_AGGRESSIVE;
				CLANG_WARN_UNREACHABLE_CODE = YES;
				CLANG_WARN__DUPLICATE_METHOD_MATCH = YES;
				CODE_SIGN_IDENTITY = "iPhone Developer";
				COPY_PHASE_STRIP = NO;
				DEBUG_INFORMATION_FORMAT = dwarf;
				ENABLE_STRICT_OBJC_MSGSEND = YES;
				ENABLE_TESTABILITY = YES;
				GCC_C_LANGUAGE_STANDARD = gnu11;
				GCC_DYNAMIC_NO_PIC = NO;
				GCC_NO_COMMON_BLOCKS = YES;
				GCC_OPTIMIZATION_LEVEL = 0;
				GCC_PREPROCESSOR_DEFINITIONS = (
					"DEBUG=1",
					"$(inherited)",
				);
				GCC_WARN_64_TO_32_BIT_CONVERSION = YES;
				GCC_WARN_ABOUT_RETURN_TYPE = YES_ERROR;
				GCC_WARN_UNDECLARED_SELECTOR = YES;
				GCC_WARN_UNINITIALIZED_AUTOS = YES_AGGRESSIVE;
				GCC_WARN_UNUSED_FUNCTION = YES;
				GCC_WARN_UNUSED_VARIABLE = YES;
				IPHONEOS_DEPLOYMENT_TARGET = 11.0;
				MTL_ENABLE_DEBUG_INFO = YES;
				ONLY_ACTIVE_ARCH = YES;
				SDKROOT = iphoneos;
				SWIFT_ACTIVE_COMPILATION_CONDITIONS = DEBUG;
				SWIFT_OPTIMIZATION_LEVEL = "-Onone";
			};
			name = Debug;
		};
		1F939F6B1F7306A100C03386 /* Release */ = {
			isa = XCBuildConfiguration;
			buildSettings = {
				ALWAYS_SEARCH_USER_PATHS = NO;
				CLANG_ANALYZER_NONNULL = YES;
				CLANG_ANALYZER_NUMBER_OBJECT_CONVERSION = YES_AGGRESSIVE;
				CLANG_CXX_LANGUAGE_STANDARD = "gnu++14";
				CLANG_CXX_LIBRARY = "libc++";
				CLANG_ENABLE_MODULES = YES;
				CLANG_ENABLE_OBJC_ARC = YES;
				CLANG_WARN_BLOCK_CAPTURE_AUTORELEASING = YES;
				CLANG_WARN_BOOL_CONVERSION = YES;
				CLANG_WARN_COMMA = YES;
				CLANG_WARN_CONSTANT_CONVERSION = YES;
				CLANG_WARN_DIRECT_OBJC_ISA_USAGE = YES_ERROR;
				CLANG_WARN_DOCUMENTATION_COMMENTS = YES;
				CLANG_WARN_EMPTY_BODY = YES;
				CLANG_WARN_ENUM_CONVERSION = YES;
				CLANG_WARN_INFINITE_RECURSION = YES;
				CLANG_WARN_INT_CONVERSION = YES;
				CLANG_WARN_NON_LITERAL_NULL_CONVERSION = YES;
				CLANG_WARN_OBJC_LITERAL_CONVERSION = YES;
				CLANG_WARN_OBJC_ROOT_CLASS = YES_ERROR;
				CLANG_WARN_RANGE_LOOP_ANALYSIS = YES;
				CLANG_WARN_STRICT_PROTOTYPES = YES;
				CLANG_WARN_SUSPICIOUS_MOVE = YES;
				CLANG_WARN_UNGUARDED_AVAILABILITY = YES_AGGRESSIVE;
				CLANG_WARN_UNREACHABLE_CODE = YES;
				CLANG_WARN__DUPLICATE_METHOD_MATCH = YES;
				CODE_SIGN_IDENTITY = "iPhone Developer";
				COPY_PHASE_STRIP = NO;
				DEBUG_INFORMATION_FORMAT = "dwarf-with-dsym";
				ENABLE_NS_ASSERTIONS = NO;
				ENABLE_STRICT_OBJC_MSGSEND = YES;
				GCC_C_LANGUAGE_STANDARD = gnu11;
				GCC_NO_COMMON_BLOCKS = YES;
				GCC_WARN_64_TO_32_BIT_CONVERSION = YES;
				GCC_WARN_ABOUT_RETURN_TYPE = YES_ERROR;
				GCC_WARN_UNDECLARED_SELECTOR = YES;
				GCC_WARN_UNINITIALIZED_AUTOS = YES_AGGRESSIVE;
				GCC_WARN_UNUSED_FUNCTION = YES;
				GCC_WARN_UNUSED_VARIABLE = YES;
				IPHONEOS_DEPLOYMENT_TARGET = 11.0;
				MTL_ENABLE_DEBUG_INFO = NO;
				SDKROOT = iphoneos;
				SWIFT_OPTIMIZATION_LEVEL = "-Owholemodule";
				VALIDATE_PRODUCT = YES;
			};
			name = Release;
		};
		1F939F6D1F7306A100C03386 /* Debug */ = {
			isa = XCBuildConfiguration;
			buildSettings = {
				ALWAYS_EMBED_SWIFT_STANDARD_LIBRARIES = YES;
				ASSETCATALOG_COMPILER_APPICON_NAME = HooopsAppIcon;
				CODE_SIGN_ENTITLEMENTS = Hooops/Hooops.entitlements;
				CODE_SIGN_STYLE = Automatic;
				DEVELOPMENT_TEAM = 69XM53S226;
				INFOPLIST_FILE = Hooops/Info.plist;
				LD_RUNPATH_SEARCH_PATHS = "$(inherited) @executable_path/Frameworks";
				PRODUCT_BUNDLE_IDENTIFIER = com.glucode.wilmar.Dribbble;
				PRODUCT_NAME = "$(TARGET_NAME)";
				SWIFT_VERSION = 4.0;
				TARGETED_DEVICE_FAMILY = 1;
			};
			name = Debug;
		};
		1F939F6E1F7306A100C03386 /* Release */ = {
			isa = XCBuildConfiguration;
			buildSettings = {
				ALWAYS_EMBED_SWIFT_STANDARD_LIBRARIES = YES;
				ASSETCATALOG_COMPILER_APPICON_NAME = HooopsAppIcon;
				CODE_SIGN_ENTITLEMENTS = Hooops/Hooops.entitlements;
				CODE_SIGN_STYLE = Automatic;
				DEVELOPMENT_TEAM = 69XM53S226;
				INFOPLIST_FILE = Hooops/Info.plist;
				LD_RUNPATH_SEARCH_PATHS = "$(inherited) @executable_path/Frameworks";
				PRODUCT_BUNDLE_IDENTIFIER = com.glucode.wilmar.Dribbble;
				PRODUCT_NAME = "$(TARGET_NAME)";
				SWIFT_VERSION = 4.0;
				TARGETED_DEVICE_FAMILY = 1;
			};
			name = Release;
		};
		1F939F701F7306A100C03386 /* Debug */ = {
			isa = XCBuildConfiguration;
			buildSettings = {
				ALWAYS_EMBED_SWIFT_STANDARD_LIBRARIES = YES;
				BUNDLE_LOADER = "$(TEST_HOST)";
				CODE_SIGN_STYLE = Automatic;
				DEVELOPMENT_TEAM = 69XM53S226;
				INFOPLIST_FILE = BounceTests/Info.plist;
				LD_RUNPATH_SEARCH_PATHS = "$(inherited) @executable_path/Frameworks @loader_path/Frameworks";
				PRODUCT_BUNDLE_IDENTIFIER = me.wilmar.BounceTests;
				PRODUCT_NAME = "$(TARGET_NAME)";
				SWIFT_VERSION = 4.0;
				TARGETED_DEVICE_FAMILY = "1,2";
				TEST_HOST = "$(BUILT_PRODUCTS_DIR)/Hooops.app/Hooops";
			};
			name = Debug;
		};
		1F939F711F7306A100C03386 /* Release */ = {
			isa = XCBuildConfiguration;
			buildSettings = {
				ALWAYS_EMBED_SWIFT_STANDARD_LIBRARIES = YES;
				BUNDLE_LOADER = "$(TEST_HOST)";
				CODE_SIGN_STYLE = Automatic;
				DEVELOPMENT_TEAM = 69XM53S226;
				INFOPLIST_FILE = BounceTests/Info.plist;
				LD_RUNPATH_SEARCH_PATHS = "$(inherited) @executable_path/Frameworks @loader_path/Frameworks";
				PRODUCT_BUNDLE_IDENTIFIER = me.wilmar.BounceTests;
				PRODUCT_NAME = "$(TARGET_NAME)";
				SWIFT_VERSION = 4.0;
				TARGETED_DEVICE_FAMILY = "1,2";
				TEST_HOST = "$(BUILT_PRODUCTS_DIR)/Hooops.app/Hooops";
			};
			name = Release;
		};
		1F939F921F73073400C03386 /* Debug */ = {
			isa = XCBuildConfiguration;
			buildSettings = {
				CLANG_ENABLE_MODULES = YES;
				CODE_SIGN_IDENTITY = "";
				CODE_SIGN_STYLE = Automatic;
				CURRENT_PROJECT_VERSION = 1;
				DEFINES_MODULE = YES;
				DEVELOPMENT_TEAM = 69XM53S226;
				DYLIB_COMPATIBILITY_VERSION = 1;
				DYLIB_CURRENT_VERSION = 1;
				DYLIB_INSTALL_NAME_BASE = "@rpath";
				INFOPLIST_FILE = NothingButNet/Info.plist;
				INSTALL_PATH = "$(LOCAL_LIBRARY_DIR)/Frameworks";
				LD_RUNPATH_SEARCH_PATHS = "$(inherited) @executable_path/Frameworks @loader_path/Frameworks";
				PRODUCT_BUNDLE_IDENTIFIER = com.glucode.wilmar.Dribbble.NothingButNet;
				PRODUCT_NAME = "$(TARGET_NAME:c99extidentifier)";
				SKIP_INSTALL = YES;
				SWIFT_OPTIMIZATION_LEVEL = "-Onone";
				SWIFT_VERSION = 4.0;
				TARGETED_DEVICE_FAMILY = "1,2";
				VERSIONING_SYSTEM = "apple-generic";
				VERSION_INFO_PREFIX = "";
			};
			name = Debug;
		};
		1F939F931F73073400C03386 /* Release */ = {
			isa = XCBuildConfiguration;
			buildSettings = {
				CLANG_ENABLE_MODULES = YES;
				CODE_SIGN_IDENTITY = "";
				CODE_SIGN_STYLE = Automatic;
				CURRENT_PROJECT_VERSION = 1;
				DEFINES_MODULE = YES;
				DEVELOPMENT_TEAM = 69XM53S226;
				DYLIB_COMPATIBILITY_VERSION = 1;
				DYLIB_CURRENT_VERSION = 1;
				DYLIB_INSTALL_NAME_BASE = "@rpath";
				INFOPLIST_FILE = NothingButNet/Info.plist;
				INSTALL_PATH = "$(LOCAL_LIBRARY_DIR)/Frameworks";
				LD_RUNPATH_SEARCH_PATHS = "$(inherited) @executable_path/Frameworks @loader_path/Frameworks";
				PRODUCT_BUNDLE_IDENTIFIER = com.glucode.wilmar.Dribbble.NothingButNet;
				PRODUCT_NAME = "$(TARGET_NAME:c99extidentifier)";
				SKIP_INSTALL = YES;
				SWIFT_VERSION = 4.0;
				TARGETED_DEVICE_FAMILY = "1,2";
				VERSIONING_SYSTEM = "apple-generic";
				VERSION_INFO_PREFIX = "";
			};
			name = Release;
		};
		1F939F961F73073400C03386 /* Debug */ = {
			isa = XCBuildConfiguration;
			buildSettings = {
				ALWAYS_EMBED_SWIFT_STANDARD_LIBRARIES = YES;
				CODE_SIGN_STYLE = Automatic;
				DEVELOPMENT_TEAM = 69XM53S226;
				INFOPLIST_FILE = NothingButNetTests/Info.plist;
				LD_RUNPATH_SEARCH_PATHS = "$(inherited) @executable_path/Frameworks @loader_path/Frameworks";
				PRODUCT_BUNDLE_IDENTIFIER = me.wilmar.NothingButNetTests;
				PRODUCT_NAME = "$(TARGET_NAME)";
				SWIFT_VERSION = 4.0;
				TARGETED_DEVICE_FAMILY = "1,2";
				TEST_HOST = "$(BUILT_PRODUCTS_DIR)/Hooops.app/Hooops";
			};
			name = Debug;
		};
		1F939F971F73073400C03386 /* Release */ = {
			isa = XCBuildConfiguration;
			buildSettings = {
				ALWAYS_EMBED_SWIFT_STANDARD_LIBRARIES = YES;
				CODE_SIGN_STYLE = Automatic;
				DEVELOPMENT_TEAM = 69XM53S226;
				INFOPLIST_FILE = NothingButNetTests/Info.plist;
				LD_RUNPATH_SEARCH_PATHS = "$(inherited) @executable_path/Frameworks @loader_path/Frameworks";
				PRODUCT_BUNDLE_IDENTIFIER = me.wilmar.NothingButNetTests;
				PRODUCT_NAME = "$(TARGET_NAME)";
				SWIFT_VERSION = 4.0;
				TARGETED_DEVICE_FAMILY = "1,2";
				TEST_HOST = "$(BUILT_PRODUCTS_DIR)/Hooops.app/Hooops";
			};
			name = Release;
		};
/* End XCBuildConfiguration section */

/* Begin XCConfigurationList section */
		1F939F3F1F7306A100C03386 /* Build configuration list for PBXProject "Hooops" */ = {
			isa = XCConfigurationList;
			buildConfigurations = (
				1F939F6A1F7306A100C03386 /* Debug */,
				1F939F6B1F7306A100C03386 /* Release */,
			);
			defaultConfigurationIsVisible = 0;
			defaultConfigurationName = Release;
		};
		1F939F6C1F7306A100C03386 /* Build configuration list for PBXNativeTarget "Hooops" */ = {
			isa = XCConfigurationList;
			buildConfigurations = (
				1F939F6D1F7306A100C03386 /* Debug */,
				1F939F6E1F7306A100C03386 /* Release */,
			);
			defaultConfigurationIsVisible = 0;
			defaultConfigurationName = Release;
		};
		1F939F6F1F7306A100C03386 /* Build configuration list for PBXNativeTarget "HooopsTests" */ = {
			isa = XCConfigurationList;
			buildConfigurations = (
				1F939F701F7306A100C03386 /* Debug */,
				1F939F711F7306A100C03386 /* Release */,
			);
			defaultConfigurationIsVisible = 0;
			defaultConfigurationName = Release;
		};
		1F939F911F73073400C03386 /* Build configuration list for PBXNativeTarget "NothingButNet" */ = {
			isa = XCConfigurationList;
			buildConfigurations = (
				1F939F921F73073400C03386 /* Debug */,
				1F939F931F73073400C03386 /* Release */,
			);
			defaultConfigurationIsVisible = 0;
			defaultConfigurationName = Release;
		};
		1F939F951F73073400C03386 /* Build configuration list for PBXNativeTarget "NothingButNetTests" */ = {
			isa = XCConfigurationList;
			buildConfigurations = (
				1F939F961F73073400C03386 /* Debug */,
				1F939F971F73073400C03386 /* Release */,
			);
			defaultConfigurationIsVisible = 0;
			defaultConfigurationName = Release;
		};
/* End XCConfigurationList section */
	};
	rootObject = 1F939F3C1F7306A100C03386 /* Project object */;
}
